// !$*UTF8*$!
{
	archiveVersion = 1;
	classes = {
	};
	objectVersion = 46;
	objects = {

/* Begin PBXBuildFile section */
		40907E2A1CA8C0C500CAB5AC /* AppDelegate.swift in Sources */ = {isa = PBXBuildFile; fileRef = 40907E291CA8C0C500CAB5AC /* AppDelegate.swift */; };
		40907E2C1CA8C0C500CAB5AC /* ViewController.swift in Sources */ = {isa = PBXBuildFile; fileRef = 40907E2B1CA8C0C500CAB5AC /* ViewController.swift */; };
		40907E2F1CA8C0C500CAB5AC /* Main.storyboard in Resources */ = {isa = PBXBuildFile; fileRef = 40907E2D1CA8C0C500CAB5AC /* Main.storyboard */; };
		40907E311CA8C0C500CAB5AC /* Assets.xcassets in Resources */ = {isa = PBXBuildFile; fileRef = 40907E301CA8C0C500CAB5AC /* Assets.xcassets */; };
		40907E341CA8C0C500CAB5AC /* LaunchScreen.storyboard in Resources */ = {isa = PBXBuildFile; fileRef = 40907E321CA8C0C500CAB5AC /* LaunchScreen.storyboard */; };
		40907E3C1CA8EAA200CAB5AC /* BullsEyeGame.swift in Sources */ = {isa = PBXBuildFile; fileRef = 40907E3B1CA8EAA200CAB5AC /* BullsEyeGame.swift */; };
		F60512D71EF32C9900EA3F06 /* BullsEyeUITests2.swift in Sources */ = {isa = PBXBuildFile; fileRef = F60512D61EF32C9900EA3F06 /* BullsEyeUITests2.swift */; };
		F60532771EF1B2CC00949718 /* BullsEyeUITests.swift in Sources */ = {isa = PBXBuildFile; fileRef = F60532761EF1B2CC00949718 /* BullsEyeUITests.swift */; };
/* End PBXBuildFile section */

/* Begin PBXContainerItemProxy section */
		F60512D91EF32C9A00EA3F06 /* PBXContainerItemProxy */ = {
			isa = PBXContainerItemProxy;
			containerPortal = 40907E1E1CA8C0C500CAB5AC /* Project object */;
			proxyType = 1;
			remoteGlobalIDString = 40907E251CA8C0C500CAB5AC;
			remoteInfo = BullsEye;
		};
		F60532791EF1B2CC00949718 /* PBXContainerItemProxy */ = {
			isa = PBXContainerItemProxy;
			containerPortal = 40907E1E1CA8C0C500CAB5AC /* Project object */;
			proxyType = 1;
			remoteGlobalIDString = 40907E251CA8C0C500CAB5AC;
			remoteInfo = BullsEye;
		};
/* End PBXContainerItemProxy section */

/* Begin PBXFileReference section */
		40907E261CA8C0C500CAB5AC /* BullsEye.app */ = {isa = PBXFileReference; explicitFileType = wrapper.application; includeInIndex = 0; path = BullsEye.app; sourceTree = BUILT_PRODUCTS_DIR; };
		40907E291CA8C0C500CAB5AC /* AppDelegate.swift */ = {isa = PBXFileReference; lastKnownFileType = sourcecode.swift; path = AppDelegate.swift; sourceTree = "<group>"; };
		40907E2B1CA8C0C500CAB5AC /* ViewController.swift */ = {isa = PBXFileReference; lastKnownFileType = sourcecode.swift; path = ViewController.swift; sourceTree = "<group>"; };
		40907E2E1CA8C0C500CAB5AC /* Base */ = {isa = PBXFileReference; lastKnownFileType = file.storyboard; name = Base; path = Base.lproj/Main.storyboard; sourceTree = "<group>"; };
		40907E301CA8C0C500CAB5AC /* Assets.xcassets */ = {isa = PBXFileReference; lastKnownFileType = folder.assetcatalog; path = Assets.xcassets; sourceTree = "<group>"; };
		40907E331CA8C0C500CAB5AC /* Base */ = {isa = PBXFileReference; lastKnownFileType = file.storyboard; name = Base; path = Base.lproj/LaunchScreen.storyboard; sourceTree = "<group>"; };
		40907E351CA8C0C500CAB5AC /* Info.plist */ = {isa = PBXFileReference; lastKnownFileType = text.plist.xml; path = Info.plist; sourceTree = "<group>"; };
		40907E3B1CA8EAA200CAB5AC /* BullsEyeGame.swift */ = {isa = PBXFileReference; fileEncoding = 4; lastKnownFileType = sourcecode.swift; path = BullsEyeGame.swift; sourceTree = "<group>"; };
		F60512D41EF32C9900EA3F06 /* BullsEyeUITests2.xctest */ = {isa = PBXFileReference; explicitFileType = wrapper.cfbundle; includeInIndex = 0; path = BullsEyeUITests2.xctest; sourceTree = BUILT_PRODUCTS_DIR; };
		F60512D61EF32C9900EA3F06 /* BullsEyeUITests2.swift */ = {isa = PBXFileReference; lastKnownFileType = sourcecode.swift; path = BullsEyeUITests2.swift; sourceTree = "<group>"; };
		F60512D81EF32C9A00EA3F06 /* Info.plist */ = {isa = PBXFileReference; lastKnownFileType = text.plist.xml; path = Info.plist; sourceTree = "<group>"; };
		F60532741EF1B2CC00949718 /* BullsEyeUITests.xctest */ = {isa = PBXFileReference; explicitFileType = wrapper.cfbundle; includeInIndex = 0; path = BullsEyeUITests.xctest; sourceTree = BUILT_PRODUCTS_DIR; };
		F60532761EF1B2CC00949718 /* BullsEyeUITests.swift */ = {isa = PBXFileReference; lastKnownFileType = sourcecode.swift; path = BullsEyeUITests.swift; sourceTree = "<group>"; };
		F60532781EF1B2CC00949718 /* Info.plist */ = {isa = PBXFileReference; lastKnownFileType = text.plist.xml; path = Info.plist; sourceTree = "<group>"; };
		F634CD2E1EF35A2C00B52B79 /* Default-568h@2x.png */ = {isa = PBXFileReference; lastKnownFileType = image.png; path = "Default-568h@2x.png"; sourceTree = "<group>"; };
/* End PBXFileReference section */

/* Begin PBXFrameworksBuildPhase section */
		40907E231CA8C0C500CAB5AC /* Frameworks */ = {
			isa = PBXFrameworksBuildPhase;
			buildActionMask = 2147483647;
			files = (
			);
			runOnlyForDeploymentPostprocessing = 0;
		};
		F60512D11EF32C9900EA3F06 /* Frameworks */ = {
			isa = PBXFrameworksBuildPhase;
			buildActionMask = 2147483647;
			files = (
			);
			runOnlyForDeploymentPostprocessing = 0;
		};
		F60532711EF1B2CC00949718 /* Frameworks */ = {
			isa = PBXFrameworksBuildPhase;
			buildActionMask = 2147483647;
			files = (
			);
			runOnlyForDeploymentPostprocessing = 0;
		};
/* End PBXFrameworksBuildPhase section */

/* Begin PBXGroup section */
		40907E1D1CA8C0C500CAB5AC = {
			isa = PBXGroup;
			children = (
				F634CD2E1EF35A2C00B52B79 /* Default-568h@2x.png */,
				40907E281CA8C0C500CAB5AC /* BullsEye */,
				F60532751EF1B2CC00949718 /* BullsEyeUITests */,
				F60512D51EF32C9900EA3F06 /* BullsEyeUITests2 */,
				40907E271CA8C0C500CAB5AC /* Products */,
			);
			sourceTree = "<group>";
		};
		40907E271CA8C0C500CAB5AC /* Products */ = {
			isa = PBXGroup;
			children = (
				40907E261CA8C0C500CAB5AC /* BullsEye.app */,
				F60532741EF1B2CC00949718 /* BullsEyeUITests.xctest */,
				F60512D41EF32C9900EA3F06 /* BullsEyeUITests2.xctest */,
			);
			name = Products;
			sourceTree = "<group>";
		};
		40907E281CA8C0C500CAB5AC /* BullsEye */ = {
			isa = PBXGroup;
			children = (
				40907E291CA8C0C500CAB5AC /* AppDelegate.swift */,
				40907E3B1CA8EAA200CAB5AC /* BullsEyeGame.swift */,
				40907E2B1CA8C0C500CAB5AC /* ViewController.swift */,
				40907E2D1CA8C0C500CAB5AC /* Main.storyboard */,
				40907E301CA8C0C500CAB5AC /* Assets.xcassets */,
				40907E321CA8C0C500CAB5AC /* LaunchScreen.storyboard */,
				40907E351CA8C0C500CAB5AC /* Info.plist */,
			);
			path = BullsEye;
			sourceTree = "<group>";
		};
		F60512D51EF32C9900EA3F06 /* BullsEyeUITests2 */ = {
			isa = PBXGroup;
			children = (
				F60512D61EF32C9900EA3F06 /* BullsEyeUITests2.swift */,
				F60512D81EF32C9A00EA3F06 /* Info.plist */,
			);
			path = BullsEyeUITests2;
			sourceTree = "<group>";
		};
		F60532751EF1B2CC00949718 /* BullsEyeUITests */ = {
			isa = PBXGroup;
			children = (
				F60532761EF1B2CC00949718 /* BullsEyeUITests.swift */,
				F60532781EF1B2CC00949718 /* Info.plist */,
			);
			path = BullsEyeUITests;
			sourceTree = "<group>";
		};
/* End PBXGroup section */

/* Begin PBXNativeTarget section */
		40907E251CA8C0C500CAB5AC /* BullsEye */ = {
			isa = PBXNativeTarget;
			buildConfigurationList = 40907E381CA8C0C500CAB5AC /* Build configuration list for PBXNativeTarget "BullsEye" */;
			buildPhases = (
				40907E221CA8C0C500CAB5AC /* Sources */,
				40907E231CA8C0C500CAB5AC /* Frameworks */,
				40907E241CA8C0C500CAB5AC /* Resources */,
			);
			buildRules = (
			);
			dependencies = (
			);
			name = BullsEye;
			productName = BullsEye;
			productReference = 40907E261CA8C0C500CAB5AC /* BullsEye.app */;
			productType = "com.apple.product-type.application";
		};
		F60512D31EF32C9900EA3F06 /* BullsEyeUITests2 */ = {
			isa = PBXNativeTarget;
			buildConfigurationList = F60512DB1EF32C9A00EA3F06 /* Build configuration list for PBXNativeTarget "BullsEyeUITests2" */;
			buildPhases = (
				F60512D01EF32C9900EA3F06 /* Sources */,
				F60512D11EF32C9900EA3F06 /* Frameworks */,
				F60512D21EF32C9900EA3F06 /* Resources */,
			);
			buildRules = (
			);
			dependencies = (
				F60512DA1EF32C9A00EA3F06 /* PBXTargetDependency */,
			);
			name = BullsEyeUITests2;
			productName = BullsEyeUITests2;
			productReference = F60512D41EF32C9900EA3F06 /* BullsEyeUITests2.xctest */;
			productType = "com.apple.product-type.bundle.ui-testing";
		};
		F60532731EF1B2CC00949718 /* BullsEyeUITests */ = {
			isa = PBXNativeTarget;
			buildConfigurationList = F605327D1EF1B2CC00949718 /* Build configuration list for PBXNativeTarget "BullsEyeUITests" */;
			buildPhases = (
				F60532701EF1B2CC00949718 /* Sources */,
				F60532711EF1B2CC00949718 /* Frameworks */,
				F60532721EF1B2CC00949718 /* Resources */,
			);
			buildRules = (
			);
			dependencies = (
				F605327A1EF1B2CC00949718 /* PBXTargetDependency */,
			);
			name = BullsEyeUITests;
			productName = BullsEyeUITests;
			productReference = F60532741EF1B2CC00949718 /* BullsEyeUITests.xctest */;
			productType = "com.apple.product-type.bundle.ui-testing";
		};
/* End PBXNativeTarget section */

/* Begin PBXProject section */
		40907E1E1CA8C0C500CAB5AC /* Project object */ = {
			isa = PBXProject;
			attributes = {
				LastSwiftUpdateCheck = 0900;
				LastUpgradeCheck = 0900;
				ORGANIZATIONNAME = "Ray Wenderlich";
				TargetAttributes = {
					40907E251CA8C0C500CAB5AC = {
						CreatedOnToolsVersion = 7.3;
						DevelopmentTeam = 6HY2D43HNF;
						LastSwiftMigration = 0900;
						ProvisioningStyle = Automatic;
					};
					F60512D31EF32C9900EA3F06 = {
						CreatedOnToolsVersion = 9.0;
						DevelopmentTeam = 6HY2D43HNF;
						LastSwiftMigration = 0900;
						TestTargetID = 40907E251CA8C0C500CAB5AC;
					};
					F60532731EF1B2CC00949718 = {
						CreatedOnToolsVersion = 8.3.3;
						DevelopmentTeam = 6HY2D43HNF;
						LastSwiftMigration = 0900;
						ProvisioningStyle = Automatic;
						TestTargetID = 40907E251CA8C0C500CAB5AC;
					};
				};
			};
			buildConfigurationList = 40907E211CA8C0C500CAB5AC /* Build configuration list for PBXProject "BullsEye" */;
			compatibilityVersion = "Xcode 3.2";
			developmentRegion = English;
			hasScannedForEncodings = 0;
			knownRegions = (
				en,
				Base,
			);
			mainGroup = 40907E1D1CA8C0C500CAB5AC;
			productRefGroup = 40907E271CA8C0C500CAB5AC /* Products */;
			projectDirPath = "";
			projectRoot = "";
			targets = (
				40907E251CA8C0C500CAB5AC /* BullsEye */,
				F60532731EF1B2CC00949718 /* BullsEyeUITests */,
				F60512D31EF32C9900EA3F06 /* BullsEyeUITests2 */,
			);
		};
/* End PBXProject section */

/* Begin PBXResourcesBuildPhase section */
		40907E241CA8C0C500CAB5AC /* Resources */ = {
			isa = PBXResourcesBuildPhase;
			buildActionMask = 2147483647;
			files = (
				40907E341CA8C0C500CAB5AC /* LaunchScreen.storyboard in Resources */,
				40907E311CA8C0C500CAB5AC /* Assets.xcassets in Resources */,
				40907E2F1CA8C0C500CAB5AC /* Main.storyboard in Resources */,
			);
			runOnlyForDeploymentPostprocessing = 0;
		};
		F60512D21EF32C9900EA3F06 /* Resources */ = {
			isa = PBXResourcesBuildPhase;
			buildActionMask = 2147483647;
			files = (
			);
			runOnlyForDeploymentPostprocessing = 0;
		};
		F60532721EF1B2CC00949718 /* Resources */ = {
			isa = PBXResourcesBuildPhase;
			buildActionMask = 2147483647;
			files = (
			);
			runOnlyForDeploymentPostprocessing = 0;
		};
/* End PBXResourcesBuildPhase section */

/* Begin PBXSourcesBuildPhase section */
		40907E221CA8C0C500CAB5AC /* Sources */ = {
			isa = PBXSourcesBuildPhase;
			buildActionMask = 2147483647;
			files = (
				40907E2C1CA8C0C500CAB5AC /* ViewController.swift in Sources */,
				40907E2A1CA8C0C500CAB5AC /* AppDelegate.swift in Sources */,
				40907E3C1CA8EAA200CAB5AC /* BullsEyeGame.swift in Sources */,
			);
			runOnlyForDeploymentPostprocessing = 0;
		};
		F60512D01EF32C9900EA3F06 /* Sources */ = {
			isa = PBXSourcesBuildPhase;
			buildActionMask = 2147483647;
			files = (
				F60512D71EF32C9900EA3F06 /* BullsEyeUITests2.swift in Sources */,
			);
			runOnlyForDeploymentPostprocessing = 0;
		};
		F60532701EF1B2CC00949718 /* Sources */ = {
			isa = PBXSourcesBuildPhase;
			buildActionMask = 2147483647;
			files = (
				F60532771EF1B2CC00949718 /* BullsEyeUITests.swift in Sources */,
			);
			runOnlyForDeploymentPostprocessing = 0;
		};
/* End PBXSourcesBuildPhase section */

/* Begin PBXTargetDependency section */
		F60512DA1EF32C9A00EA3F06 /* PBXTargetDependency */ = {
			isa = PBXTargetDependency;
			target = 40907E251CA8C0C500CAB5AC /* BullsEye */;
			targetProxy = F60512D91EF32C9A00EA3F06 /* PBXContainerItemProxy */;
		};
		F605327A1EF1B2CC00949718 /* PBXTargetDependency */ = {
			isa = PBXTargetDependency;
			target = 40907E251CA8C0C500CAB5AC /* BullsEye */;
			targetProxy = F60532791EF1B2CC00949718 /* PBXContainerItemProxy */;
		};
/* End PBXTargetDependency section */

/* Begin PBXVariantGroup section */
		40907E2D1CA8C0C500CAB5AC /* Main.storyboard */ = {
			isa = PBXVariantGroup;
			children = (
				40907E2E1CA8C0C500CAB5AC /* Base */,
			);
			name = Main.storyboard;
			sourceTree = "<group>";
		};
		40907E321CA8C0C500CAB5AC /* LaunchScreen.storyboard */ = {
			isa = PBXVariantGroup;
			children = (
				40907E331CA8C0C500CAB5AC /* Base */,
			);
			name = LaunchScreen.storyboard;
			sourceTree = "<group>";
		};
/* End PBXVariantGroup section */

/* Begin XCBuildConfiguration section */
		40907E361CA8C0C500CAB5AC /* Debug */ = {
			isa = XCBuildConfiguration;
			buildSettings = {
				ALWAYS_EMBED_SWIFT_STANDARD_LIBRARIES = YES;
				ALWAYS_SEARCH_USER_PATHS = NO;
				CLANG_ANALYZER_NONNULL = YES;
				CLANG_CXX_LANGUAGE_STANDARD = "gnu++0x";
				CLANG_CXX_LIBRARY = "libc++";
				CLANG_ENABLE_MODULES = YES;
				CLANG_ENABLE_OBJC_ARC = YES;
				CLANG_WARN_BLOCK_CAPTURE_AUTORELEASING = YES;
				CLANG_WARN_BOOL_CONVERSION = YES;
				CLANG_WARN_COMMA = YES;
				CLANG_WARN_CONSTANT_CONVERSION = YES;
				CLANG_WARN_DIRECT_OBJC_ISA_USAGE = YES_ERROR;
				CLANG_WARN_EMPTY_BODY = YES;
				CLANG_WARN_ENUM_CONVERSION = YES;
				CLANG_WARN_INFINITE_RECURSION = YES;
				CLANG_WARN_INT_CONVERSION = YES;
				CLANG_WARN_NON_LITERAL_NULL_CONVERSION = YES;
				CLANG_WARN_OBJC_LITERAL_CONVERSION = YES;
				CLANG_WARN_OBJC_ROOT_CLASS = YES_ERROR;
				CLANG_WARN_RANGE_LOOP_ANALYSIS = YES;
				CLANG_WARN_STRICT_PROTOTYPES = YES;
				CLANG_WARN_SUSPICIOUS_MOVE = YES;
				CLANG_WARN_UNREACHABLE_CODE = YES;
				CLANG_WARN__DUPLICATE_METHOD_MATCH = YES;
				"CODE_SIGN_IDENTITY[sdk=iphoneos*]" = "iPhone Developer";
				COPY_PHASE_STRIP = NO;
				DEBUG_INFORMATION_FORMAT = dwarf;
				ENABLE_STRICT_OBJC_MSGSEND = YES;
				ENABLE_TESTABILITY = YES;
				GCC_C_LANGUAGE_STANDARD = gnu99;
				GCC_DYNAMIC_NO_PIC = NO;
				GCC_NO_COMMON_BLOCKS = YES;
				GCC_OPTIMIZATION_LEVEL = 0;
				GCC_PREPROCESSOR_DEFINITIONS = (
					"DEBUG=1",
					"$(inherited)",
				);
				GCC_WARN_64_TO_32_BIT_CONVERSION = YES;
				GCC_WARN_ABOUT_RETURN_TYPE = YES_ERROR;
				GCC_WARN_UNDECLARED_SELECTOR = YES;
				GCC_WARN_UNINITIALIZED_AUTOS = YES_AGGRESSIVE;
				GCC_WARN_UNUSED_FUNCTION = YES;
				GCC_WARN_UNUSED_VARIABLE = YES;
				IPHONEOS_DEPLOYMENT_TARGET = 10.1;
				MTL_ENABLE_DEBUG_INFO = YES;
				ONLY_ACTIVE_ARCH = YES;
				SDKROOT = iphoneos;
				SWIFT_OPTIMIZATION_LEVEL = "-Onone";
			};
			name = Debug;
		};
		40907E371CA8C0C500CAB5AC /* Release */ = {
			isa = XCBuildConfiguration;
			buildSettings = {
				ALWAYS_EMBED_SWIFT_STANDARD_LIBRARIES = YES;
				ALWAYS_SEARCH_USER_PATHS = NO;
				CLANG_ANALYZER_NONNULL = YES;
				CLANG_CXX_LANGUAGE_STANDARD = "gnu++0x";
				CLANG_CXX_LIBRARY = "libc++";
				CLANG_ENABLE_MODULES = YES;
				CLANG_ENABLE_OBJC_ARC = YES;
				CLANG_WARN_BLOCK_CAPTURE_AUTORELEASING = YES;
				CLANG_WARN_BOOL_CONVERSION = YES;
				CLANG_WARN_COMMA = YES;
				CLANG_WARN_CONSTANT_CONVERSION = YES;
				CLANG_WARN_DIRECT_OBJC_ISA_USAGE = YES_ERROR;
				CLANG_WARN_EMPTY_BODY = YES;
				CLANG_WARN_ENUM_CONVERSION = YES;
				CLANG_WARN_INFINITE_RECURSION = YES;
				CLANG_WARN_INT_CONVERSION = YES;
				CLANG_WARN_NON_LITERAL_NULL_CONVERSION = YES;
				CLANG_WARN_OBJC_LITERAL_CONVERSION = YES;
				CLANG_WARN_OBJC_ROOT_CLASS = YES_ERROR;
				CLANG_WARN_RANGE_LOOP_ANALYSIS = YES;
				CLANG_WARN_STRICT_PROTOTYPES = YES;
				CLANG_WARN_SUSPICIOUS_MOVE = YES;
				CLANG_WARN_UNREACHABLE_CODE = YES;
				CLANG_WARN__DUPLICATE_METHOD_MATCH = YES;
				"CODE_SIGN_IDENTITY[sdk=iphoneos*]" = "iPhone Developer";
				COPY_PHASE_STRIP = NO;
				DEBUG_INFORMATION_FORMAT = "dwarf-with-dsym";
				ENABLE_NS_ASSERTIONS = NO;
				ENABLE_STRICT_OBJC_MSGSEND = YES;
				GCC_C_LANGUAGE_STANDARD = gnu99;
				GCC_NO_COMMON_BLOCKS = YES;
				GCC_WARN_64_TO_32_BIT_CONVERSION = YES;
				GCC_WARN_ABOUT_RETURN_TYPE = YES_ERROR;
				GCC_WARN_UNDECLARED_SELECTOR = YES;
				GCC_WARN_UNINITIALIZED_AUTOS = YES_AGGRESSIVE;
				GCC_WARN_UNUSED_FUNCTION = YES;
				GCC_WARN_UNUSED_VARIABLE = YES;
				IPHONEOS_DEPLOYMENT_TARGET = 10.1;
				MTL_ENABLE_DEBUG_INFO = NO;
				SDKROOT = iphoneos;
				SWIFT_OPTIMIZATION_LEVEL = "-Owholemodule";
				VALIDATE_PRODUCT = YES;
			};
			name = Release;
		};
		40907E391CA8C0C500CAB5AC /* Debug */ = {
			isa = XCBuildConfiguration;
			buildSettings = {
				ALWAYS_EMBED_SWIFT_STANDARD_LIBRARIES = YES;
				ASSETCATALOG_COMPILER_APPICON_NAME = AppIcon;
				"CODE_SIGN_IDENTITY[sdk=iphoneos*]" = "iPhone Developer";
				CODE_SIGN_STYLE = Automatic;
				DEVELOPMENT_TEAM = 6HY2D43HNF;
				INFOPLIST_FILE = BullsEye/Info.plist;
				LD_RUNPATH_SEARCH_PATHS = "$(inherited) @executable_path/Frameworks";
				PRODUCT_BUNDLE_IDENTIFIER = com.rushi.BullsEye;
				PRODUCT_NAME = "$(TARGET_NAME)";
				PROVISIONING_PROFILE_SPECIFIER = "";
				SWIFT_SWIFT3_OBJC_INFERENCE = On;
				SWIFT_VERSION = 4.0;
			};
			name = Debug;
		};
		40907E3A1CA8C0C500CAB5AC /* Release */ = {
			isa = XCBuildConfiguration;
			buildSettings = {
				ALWAYS_EMBED_SWIFT_STANDARD_LIBRARIES = YES;
				ASSETCATALOG_COMPILER_APPICON_NAME = AppIcon;
				"CODE_SIGN_IDENTITY[sdk=iphoneos*]" = "iPhone Developer";
				CODE_SIGN_STYLE = Automatic;
				DEVELOPMENT_TEAM = 6HY2D43HNF;
				INFOPLIST_FILE = BullsEye/Info.plist;
				LD_RUNPATH_SEARCH_PATHS = "$(inherited) @executable_path/Frameworks";
				PRODUCT_BUNDLE_IDENTIFIER = com.rushi.BullsEye;
				PRODUCT_NAME = "$(TARGET_NAME)";
				PROVISIONING_PROFILE_SPECIFIER = "";
				SWIFT_SWIFT3_OBJC_INFERENCE = On;
				SWIFT_VERSION = 4.0;
			};
			name = Release;
		};
		F60512DC1EF32C9A00EA3F06 /* Debug */ = {
			isa = XCBuildConfiguration;
			buildSettings = {
				ALWAYS_EMBED_SWIFT_STANDARD_LIBRARIES = YES;
				CLANG_ANALYZER_NUMBER_OBJECT_CONVERSION = YES_AGGRESSIVE;
				CLANG_CXX_LANGUAGE_STANDARD = "gnu++14";
				CLANG_WARN_DOCUMENTATION_COMMENTS = YES;
				CLANG_WARN_UNGUARDED_AVAILABILITY = YES_AGGRESSIVE;
				CODE_SIGN_IDENTITY = "iPhone Developer";
				DEVELOPMENT_TEAM = 6HY2D43HNF;
				GCC_C_LANGUAGE_STANDARD = gnu11;
				INFOPLIST_FILE = BullsEyeUITests2/Info.plist;
				IPHONEOS_DEPLOYMENT_TARGET = 11.0;
				LD_RUNPATH_SEARCH_PATHS = "$(inherited) @executable_path/Frameworks @loader_path/Frameworks";
				PRODUCT_BUNDLE_IDENTIFIER = com.rushi.BullsEyeUITests2;
				PRODUCT_NAME = "$(TARGET_NAME)";
				SWIFT_ACTIVE_COMPILATION_CONDITIONS = DEBUG;
				SWIFT_SWIFT3_OBJC_INFERENCE = On;
				SWIFT_VERSION = 4.0;
				TARGETED_DEVICE_FAMILY = "1,2";
				TEST_TARGET_NAME = BullsEye;
			};
			name = Debug;
		};
		F60512DD1EF32C9A00EA3F06 /* Release */ = {
			isa = XCBuildConfiguration;
			buildSettings = {
				ALWAYS_EMBED_SWIFT_STANDARD_LIBRARIES = YES;
				CLANG_ANALYZER_NUMBER_OBJECT_CONVERSION = YES_AGGRESSIVE;
				CLANG_CXX_LANGUAGE_STANDARD = "gnu++14";
				CLANG_WARN_DOCUMENTATION_COMMENTS = YES;
				CLANG_WARN_UNGUARDED_AVAILABILITY = YES_AGGRESSIVE;
				CODE_SIGN_IDENTITY = "iPhone Developer";
				DEVELOPMENT_TEAM = 6HY2D43HNF;
				GCC_C_LANGUAGE_STANDARD = gnu11;
				INFOPLIST_FILE = BullsEyeUITests2/Info.plist;
				IPHONEOS_DEPLOYMENT_TARGET = 11.0;
				LD_RUNPATH_SEARCH_PATHS = "$(inherited) @executable_path/Frameworks @loader_path/Frameworks";
				PRODUCT_BUNDLE_IDENTIFIER = com.rushi.BullsEyeUITests2;
				PRODUCT_NAME = "$(TARGET_NAME)";
				SWIFT_SWIFT3_OBJC_INFERENCE = On;
				SWIFT_VERSION = 4.0;
				TARGETED_DEVICE_FAMILY = "1,2";
				TEST_TARGET_NAME = BullsEye;
			};
			name = Release;
		};
		F605327B1EF1B2CC00949718 /* Debug */ = {
			isa = XCBuildConfiguration;
			buildSettings = {
				ALWAYS_EMBED_SWIFT_STANDARD_LIBRARIES = YES;
				CLANG_ANALYZER_NUMBER_OBJECT_CONVERSION = YES_AGGRESSIVE;
				CLANG_WARN_DOCUMENTATION_COMMENTS = YES;
				DEVELOPMENT_TEAM = 6HY2D43HNF;
				INFOPLIST_FILE = BullsEyeUITests/Info.plist;
				IPHONEOS_DEPLOYMENT_TARGET = 10.3;
				LD_RUNPATH_SEARCH_PATHS = "$(inherited) @executable_path/Frameworks @loader_path/Frameworks";
				PRODUCT_BUNDLE_IDENTIFIER = com.rushi.BullsEyeUITests;
				PRODUCT_NAME = "$(TARGET_NAME)";
				SWIFT_ACTIVE_COMPILATION_CONDITIONS = DEBUG;
				SWIFT_SWIFT3_OBJC_INFERENCE = On;
				SWIFT_VERSION = 4.0;
				TEST_TARGET_NAME = BullsEye;
			};
			name = Debug;
		};
		F605327C1EF1B2CC00949718 /* Release */ = {
			isa = XCBuildConfiguration;
			buildSettings = {
				ALWAYS_EMBED_SWIFT_STANDARD_LIBRARIES = YES;
				CLANG_ANALYZER_NUMBER_OBJECT_CONVERSION = YES_AGGRESSIVE;
				CLANG_WARN_DOCUMENTATION_COMMENTS = YES;
				DEVELOPMENT_TEAM = 6HY2D43HNF;
				INFOPLIST_FILE = BullsEyeUITests/Info.plist;
				IPHONEOS_DEPLOYMENT_TARGET = 10.3;
				LD_RUNPATH_SEARCH_PATHS = "$(inherited) @executable_path/Frameworks @loader_path/Frameworks";
				PRODUCT_BUNDLE_IDENTIFIER = com.rushi.BullsEyeUITests;
				PRODUCT_NAME = "$(TARGET_NAME)";
				SWIFT_SWIFT3_OBJC_INFERENCE = On;
				SWIFT_VERSION = 4.0;
				TEST_TARGET_NAME = BullsEye;
			};
			name = Release;
		};
/* End XCBuildConfiguration section */

/* Begin XCConfigurationList section */
		40907E211CA8C0C500CAB5AC /* Build configuration list for PBXProject "BullsEye" */ = {
			isa = XCConfigurationList;
			buildConfigurations = (
				40907E361CA8C0C500CAB5AC /* Debug */,
				40907E371CA8C0C500CAB5AC /* Release */,
			);
			defaultConfigurationIsVisible = 0;
			defaultConfigurationName = Release;
		};
		40907E381CA8C0C500CAB5AC /* Build configuration list for PBXNativeTarget "BullsEye" */ = {
			isa = XCConfigurationList;
			buildConfigurations = (
				40907E391CA8C0C500CAB5AC /* Debug */,
				40907E3A1CA8C0C500CAB5AC /* Release */,
			);
			defaultConfigurationIsVisible = 0;
			defaultConfigurationName = Release;
		};
		F60512DB1EF32C9A00EA3F06 /* Build configuration list for PBXNativeTarget "BullsEyeUITests2" */ = {
			isa = XCConfigurationList;
			buildConfigurations = (
				F60512DC1EF32C9A00EA3F06 /* Debug */,
				F60512DD1EF32C9A00EA3F06 /* Release */,
			);
			defaultConfigurationIsVisible = 0;
			defaultConfigurationName = Release;
		};
		F605327D1EF1B2CC00949718 /* Build configuration list for PBXNativeTarget "BullsEyeUITests" */ = {
			isa = XCConfigurationList;
			buildConfigurations = (
				F605327B1EF1B2CC00949718 /* Debug */,
				F605327C1EF1B2CC00949718 /* Release */,
			);
			defaultConfigurationIsVisible = 0;
			defaultConfigurationName = Release;
		};
/* End XCConfigurationList section */
	};
	rootObject = 40907E1E1CA8C0C500CAB5AC /* Project object */;
}
