// !$*UTF8*$!
{
	archiveVersion = 1;
	classes = {
	};
	objectVersion = 46;
	objects = {

/* Begin PBXBuildFile section */
		F64FD88F1EDE302E0037BBA3 /* AppDelegate.swift in Sources */ = {isa = PBXBuildFile; fileRef = F64FD88E1EDE302E0037BBA3 /* AppDelegate.swift */; };
		F64FD8911EDE302E0037BBA3 /* ViewController.swift in Sources */ = {isa = PBXBuildFile; fileRef = F64FD8901EDE302E0037BBA3 /* ViewController.swift */; };
		F64FD8941EDE302E0037BBA3 /* Main.storyboard in Resources */ = {isa = PBXBuildFile; fileRef = F64FD8921EDE302E0037BBA3 /* Main.storyboard */; };
		F64FD8961EDE302E0037BBA3 /* Assets.xcassets in Resources */ = {isa = PBXBuildFile; fileRef = F64FD8951EDE302E0037BBA3 /* Assets.xcassets */; };
		F64FD8991EDE302E0037BBA3 /* LaunchScreen.storyboard in Resources */ = {isa = PBXBuildFile; fileRef = F64FD8971EDE302E0037BBA3 /* LaunchScreen.storyboard */; };
		F64FD8A71EDE306C0037BBA3 /* IntentHandler.swift in Sources */ = {isa = PBXBuildFile; fileRef = F64FD8A61EDE306C0037BBA3 /* IntentHandler.swift */; };
		F64FD8BD1EDE306C0037BBA3 /* AppIntent.appex in Embed App Extensions */ = {isa = PBXBuildFile; fileRef = F64FD8A41EDE306C0037BBA3 /* AppIntent.appex */; settings = {ATTRIBUTES = (RemoveHeadersOnCopy, ); }; };
/* End PBXBuildFile section */

/* Begin PBXContainerItemProxy section */
		F64FD8BB1EDE306C0037BBA3 /* PBXContainerItemProxy */ = {
			isa = PBXContainerItemProxy;
			containerPortal = F64FD8831EDE302E0037BBA3 /* Project object */;
			proxyType = 1;
			remoteGlobalIDString = F64FD8A31EDE306C0037BBA3;
			remoteInfo = AppIntent;
		};
/* End PBXContainerItemProxy section */

/* Begin PBXCopyFilesBuildPhase section */
		F64FD8C41EDE306C0037BBA3 /* Embed App Extensions */ = {
			isa = PBXCopyFilesBuildPhase;
			buildActionMask = 2147483647;
			dstPath = "";
			dstSubfolderSpec = 13;
			files = (
				F64FD8BD1EDE306C0037BBA3 /* AppIntent.appex in Embed App Extensions */,
			);
			name = "Embed App Extensions";
			runOnlyForDeploymentPostprocessing = 0;
		};
/* End PBXCopyFilesBuildPhase section */

/* Begin PBXFileReference section */
		F64FD88B1EDE302E0037BBA3 /* siriAppPhotos.app */ = {isa = PBXFileReference; explicitFileType = wrapper.application; includeInIndex = 0; path = siriAppPhotos.app; sourceTree = BUILT_PRODUCTS_DIR; };
		F64FD88E1EDE302E0037BBA3 /* AppDelegate.swift */ = {isa = PBXFileReference; lastKnownFileType = sourcecode.swift; path = AppDelegate.swift; sourceTree = "<group>"; };
		F64FD8901EDE302E0037BBA3 /* ViewController.swift */ = {isa = PBXFileReference; lastKnownFileType = sourcecode.swift; path = ViewController.swift; sourceTree = "<group>"; };
		F64FD8931EDE302E0037BBA3 /* Base */ = {isa = PBXFileReference; lastKnownFileType = file.storyboard; name = Base; path = Base.lproj/Main.storyboard; sourceTree = "<group>"; };
		F64FD8951EDE302E0037BBA3 /* Assets.xcassets */ = {isa = PBXFileReference; lastKnownFileType = folder.assetcatalog; path = Assets.xcassets; sourceTree = "<group>"; };
		F64FD8981EDE302E0037BBA3 /* Base */ = {isa = PBXFileReference; lastKnownFileType = file.storyboard; name = Base; path = Base.lproj/LaunchScreen.storyboard; sourceTree = "<group>"; };
		F64FD89A1EDE302E0037BBA3 /* Info.plist */ = {isa = PBXFileReference; lastKnownFileType = text.plist.xml; path = Info.plist; sourceTree = "<group>"; };
		F64FD8A41EDE306C0037BBA3 /* AppIntent.appex */ = {isa = PBXFileReference; explicitFileType = "wrapper.app-extension"; includeInIndex = 0; path = AppIntent.appex; sourceTree = BUILT_PRODUCTS_DIR; };
		F64FD8A61EDE306C0037BBA3 /* IntentHandler.swift */ = {isa = PBXFileReference; lastKnownFileType = sourcecode.swift; path = IntentHandler.swift; sourceTree = "<group>"; };
		F64FD8A81EDE306C0037BBA3 /* Info.plist */ = {isa = PBXFileReference; lastKnownFileType = text.plist.xml; path = Info.plist; sourceTree = "<group>"; };
		F64FD8AF1EDE306C0037BBA3 /* IntentsUI.framework */ = {isa = PBXFileReference; lastKnownFileType = wrapper.framework; name = IntentsUI.framework; path = System/Library/Frameworks/IntentsUI.framework; sourceTree = SDKROOT; };
/* End PBXFileReference section */

/* Begin PBXFrameworksBuildPhase section */
		F64FD8881EDE302E0037BBA3 /* Frameworks */ = {
			isa = PBXFrameworksBuildPhase;
			buildActionMask = 2147483647;
			files = (
			);
			runOnlyForDeploymentPostprocessing = 0;
		};
		F64FD8A11EDE306C0037BBA3 /* Frameworks */ = {
			isa = PBXFrameworksBuildPhase;
			buildActionMask = 2147483647;
			files = (
			);
			runOnlyForDeploymentPostprocessing = 0;
		};
/* End PBXFrameworksBuildPhase section */

/* Begin PBXGroup section */
		F64FD8821EDE302E0037BBA3 = {
			isa = PBXGroup;
			children = (
				F64FD88D1EDE302E0037BBA3 /* siriAppPhotos */,
				F64FD8A51EDE306C0037BBA3 /* AppIntent */,
				F64FD8AE1EDE306C0037BBA3 /* Frameworks */,
				F64FD88C1EDE302E0037BBA3 /* Products */,
			);
			sourceTree = "<group>";
		};
		F64FD88C1EDE302E0037BBA3 /* Products */ = {
			isa = PBXGroup;
			children = (
				F64FD88B1EDE302E0037BBA3 /* siriAppPhotos.app */,
				F64FD8A41EDE306C0037BBA3 /* AppIntent.appex */,
			);
			name = Products;
			sourceTree = "<group>";
		};
		F64FD88D1EDE302E0037BBA3 /* siriAppPhotos */ = {
			isa = PBXGroup;
			children = (
				F64FD88E1EDE302E0037BBA3 /* AppDelegate.swift */,
				F64FD8901EDE302E0037BBA3 /* ViewController.swift */,
				F64FD8921EDE302E0037BBA3 /* Main.storyboard */,
				F64FD8951EDE302E0037BBA3 /* Assets.xcassets */,
				F64FD8971EDE302E0037BBA3 /* LaunchScreen.storyboard */,
				F64FD89A1EDE302E0037BBA3 /* Info.plist */,
			);
			path = siriAppPhotos;
			sourceTree = "<group>";
		};
		F64FD8A51EDE306C0037BBA3 /* AppIntent */ = {
			isa = PBXGroup;
			children = (
				F64FD8A61EDE306C0037BBA3 /* IntentHandler.swift */,
				F64FD8A81EDE306C0037BBA3 /* Info.plist */,
			);
			path = AppIntent;
			sourceTree = "<group>";
		};
		F64FD8AE1EDE306C0037BBA3 /* Frameworks */ = {
			isa = PBXGroup;
			children = (
				F64FD8AF1EDE306C0037BBA3 /* IntentsUI.framework */,
			);
			name = Frameworks;
			sourceTree = "<group>";
		};
/* End PBXGroup section */

/* Begin PBXNativeTarget section */
		F64FD88A1EDE302E0037BBA3 /* siriAppPhotos */ = {
			isa = PBXNativeTarget;
			buildConfigurationList = F64FD89D1EDE302E0037BBA3 /* Build configuration list for PBXNativeTarget "siriAppPhotos" */;
			buildPhases = (
				F64FD8871EDE302E0037BBA3 /* Sources */,
				F64FD8881EDE302E0037BBA3 /* Frameworks */,
				F64FD8891EDE302E0037BBA3 /* Resources */,
				F64FD8C41EDE306C0037BBA3 /* Embed App Extensions */,
			);
			buildRules = (
			);
			dependencies = (
				F64FD8BC1EDE306C0037BBA3 /* PBXTargetDependency */,
			);
			name = siriAppPhotos;
			productName = siriAppPhotos;
			productReference = F64FD88B1EDE302E0037BBA3 /* siriAppPhotos.app */;
			productType = "com.apple.product-type.application";
		};
		F64FD8A31EDE306C0037BBA3 /* AppIntent */ = {
			isa = PBXNativeTarget;
			buildConfigurationList = F64FD8C11EDE306C0037BBA3 /* Build configuration list for PBXNativeTarget "AppIntent" */;
			buildPhases = (
				F64FD8A01EDE306C0037BBA3 /* Sources */,
				F64FD8A11EDE306C0037BBA3 /* Frameworks */,
				F64FD8A21EDE306C0037BBA3 /* Resources */,
			);
			buildRules = (
			);
			dependencies = (
			);
			name = AppIntent;
			productName = AppIntent;
			productReference = F64FD8A41EDE306C0037BBA3 /* AppIntent.appex */;
			productType = "com.apple.product-type.app-extension";
		};
/* End PBXNativeTarget section */

/* Begin PBXProject section */
		F64FD8831EDE302E0037BBA3 /* Project object */ = {
			isa = PBXProject;
			attributes = {
				LastSwiftUpdateCheck = 0830;
				LastUpgradeCheck = 0830;
				ORGANIZATIONNAME = rushi;
				TargetAttributes = {
					F64FD88A1EDE302E0037BBA3 = {
						CreatedOnToolsVersion = 8.3.2;
						DevelopmentTeam = 6HY2D43HNF;
						ProvisioningStyle = Automatic;
					};
					F64FD8A31EDE306C0037BBA3 = {
						CreatedOnToolsVersion = 8.3.2;
						DevelopmentTeam = 6HY2D43HNF;
						ProvisioningStyle = Automatic;
					};
				};
			};
			buildConfigurationList = F64FD8861EDE302E0037BBA3 /* Build configuration list for PBXProject "siriAppPhotos" */;
			compatibilityVersion = "Xcode 3.2";
			developmentRegion = English;
			hasScannedForEncodings = 0;
			knownRegions = (
				en,
				Base,
			);
			mainGroup = F64FD8821EDE302E0037BBA3;
			productRefGroup = F64FD88C1EDE302E0037BBA3 /* Products */;
			projectDirPath = "";
			projectRoot = "";
			targets = (
				F64FD88A1EDE302E0037BBA3 /* siriAppPhotos */,
				F64FD8A31EDE306C0037BBA3 /* AppIntent */,
			);
		};
/* End PBXProject section */

/* Begin PBXResourcesBuildPhase section */
		F64FD8891EDE302E0037BBA3 /* Resources */ = {
			isa = PBXResourcesBuildPhase;
			buildActionMask = 2147483647;
			files = (
				F64FD8991EDE302E0037BBA3 /* LaunchScreen.storyboard in Resources */,
				F64FD8961EDE302E0037BBA3 /* Assets.xcassets in Resources */,
				F64FD8941EDE302E0037BBA3 /* Main.storyboard in Resources */,
			);
			runOnlyForDeploymentPostprocessing = 0;
		};
		F64FD8A21EDE306C0037BBA3 /* Resources */ = {
			isa = PBXResourcesBuildPhase;
			buildActionMask = 2147483647;
			files = (
			);
			runOnlyForDeploymentPostprocessing = 0;
		};
/* End PBXResourcesBuildPhase section */

/* Begin PBXSourcesBuildPhase section */
		F64FD8871EDE302E0037BBA3 /* Sources */ = {
			isa = PBXSourcesBuildPhase;
			buildActionMask = 2147483647;
			files = (
				F64FD8911EDE302E0037BBA3 /* ViewController.swift in Sources */,
				F64FD88F1EDE302E0037BBA3 /* AppDelegate.swift in Sources */,
			);
			runOnlyForDeploymentPostprocessing = 0;
		};
		F64FD8A01EDE306C0037BBA3 /* Sources */ = {
			isa = PBXSourcesBuildPhase;
			buildActionMask = 2147483647;
			files = (
				F64FD8A71EDE306C0037BBA3 /* IntentHandler.swift in Sources */,
			);
			runOnlyForDeploymentPostprocessing = 0;
		};
/* End PBXSourcesBuildPhase section */

/* Begin PBXTargetDependency section */
		F64FD8BC1EDE306C0037BBA3 /* PBXTargetDependency */ = {
			isa = PBXTargetDependency;
			target = F64FD8A31EDE306C0037BBA3 /* AppIntent */;
			targetProxy = F64FD8BB1EDE306C0037BBA3 /* PBXContainerItemProxy */;
		};
/* End PBXTargetDependency section */

/* Begin PBXVariantGroup section */
		F64FD8921EDE302E0037BBA3 /* Main.storyboard */ = {
			isa = PBXVariantGroup;
			children = (
				F64FD8931EDE302E0037BBA3 /* Base */,
			);
			name = Main.storyboard;
			sourceTree = "<group>";
		};
		F64FD8971EDE302E0037BBA3 /* LaunchScreen.storyboard */ = {
			isa = PBXVariantGroup;
			children = (
				F64FD8981EDE302E0037BBA3 /* Base */,
			);
			name = LaunchScreen.storyboard;
			sourceTree = "<group>";
		};
/* End PBXVariantGroup section */

/* Begin XCBuildConfiguration section */
		F64FD89B1EDE302E0037BBA3 /* Debug */ = {
			isa = XCBuildConfiguration;
			buildSettings = {
				ALWAYS_SEARCH_USER_PATHS = NO;
				CLANG_ANALYZER_NONNULL = YES;
				CLANG_ANALYZER_NUMBER_OBJECT_CONVERSION = YES_AGGRESSIVE;
				CLANG_CXX_LANGUAGE_STANDARD = "gnu++0x";
				CLANG_CXX_LIBRARY = "libc++";
				CLANG_ENABLE_MODULES = YES;
				CLANG_ENABLE_OBJC_ARC = YES;
				CLANG_WARN_BOOL_CONVERSION = YES;
				CLANG_WARN_CONSTANT_CONVERSION = YES;
				CLANG_WARN_DIRECT_OBJC_ISA_USAGE = YES_ERROR;
				CLANG_WARN_DOCUMENTATION_COMMENTS = YES;
				CLANG_WARN_EMPTY_BODY = YES;
				CLANG_WARN_ENUM_CONVERSION = YES;
				CLANG_WARN_INFINITE_RECURSION = YES;
				CLANG_WARN_INT_CONVERSION = YES;
				CLANG_WARN_OBJC_ROOT_CLASS = YES_ERROR;
				CLANG_WARN_SUSPICIOUS_MOVE = YES;
				CLANG_WARN_UNREACHABLE_CODE = YES;
				CLANG_WARN__DUPLICATE_METHOD_MATCH = YES;
				"CODE_SIGN_IDENTITY[sdk=iphoneos*]" = "iPhone Developer";
				COPY_PHASE_STRIP = NO;
				DEBUG_INFORMATION_FORMAT = dwarf;
				ENABLE_STRICT_OBJC_MSGSEND = YES;
				ENABLE_TESTABILITY = YES;
				GCC_C_LANGUAGE_STANDARD = gnu99;
				GCC_DYNAMIC_NO_PIC = NO;
				GCC_NO_COMMON_BLOCKS = YES;
				GCC_OPTIMIZATION_LEVEL = 0;
				GCC_PREPROCESSOR_DEFINITIONS = (
					"DEBUG=1",
					"$(inherited)",
				);
				GCC_WARN_64_TO_32_BIT_CONVERSION = YES;
				GCC_WARN_ABOUT_RETURN_TYPE = YES_ERROR;
				GCC_WARN_UNDECLARED_SELECTOR = YES;
				GCC_WARN_UNINITIALIZED_AUTOS = YES_AGGRESSIVE;
				GCC_WARN_UNUSED_FUNCTION = YES;
				GCC_WARN_UNUSED_VARIABLE = YES;
				IPHONEOS_DEPLOYMENT_TARGET = 10.3;
				MTL_ENABLE_DEBUG_INFO = YES;
				ONLY_ACTIVE_ARCH = YES;
				SDKROOT = iphoneos;
				SWIFT_ACTIVE_COMPILATION_CONDITIONS = DEBUG;
				SWIFT_OPTIMIZATION_LEVEL = "-Onone";
				TARGETED_DEVICE_FAMILY = "1,2";
			};
			name = Debug;
		};
		F64FD89C1EDE302E0037BBA3 /* Release */ = {
			isa = XCBuildConfiguration;
			buildSettings = {
				ALWAYS_SEARCH_USER_PATHS = NO;
				CLANG_ANALYZER_NONNULL = YES;
				CLANG_ANALYZER_NUMBER_OBJECT_CONVERSION = YES_AGGRESSIVE;
				CLANG_CXX_LANGUAGE_STANDARD = "gnu++0x";
				CLANG_CXX_LIBRARY = "libc++";
				CLANG_ENABLE_MODULES = YES;
				CLANG_ENABLE_OBJC_ARC = YES;
				CLANG_WARN_BOOL_CONVERSION = YES;
				CLANG_WARN_CONSTANT_CONVERSION = YES;
				CLANG_WARN_DIRECT_OBJC_ISA_USAGE = YES_ERROR;
				CLANG_WARN_DOCUMENTATION_COMMENTS = YES;
				CLANG_WARN_EMPTY_BODY = YES;
				CLANG_WARN_ENUM_CONVERSION = YES;
				CLANG_WARN_INFINITE_RECURSION = YES;
				CLANG_WARN_INT_CONVERSION = YES;
				CLANG_WARN_OBJC_ROOT_CLASS = YES_ERROR;
				CLANG_WARN_SUSPICIOUS_MOVE = YES;
				CLANG_WARN_UNREACHABLE_CODE = YES;
				CLANG_WARN__DUPLICATE_METHOD_MATCH = YES;
				"CODE_SIGN_IDENTITY[sdk=iphoneos*]" = "iPhone Developer";
				COPY_PHASE_STRIP = NO;
				DEBUG_INFORMATION_FORMAT = "dwarf-with-dsym";
				ENABLE_NS_ASSERTIONS = NO;
				ENABLE_STRICT_OBJC_MSGSEND = YES;
				GCC_C_LANGUAGE_STANDARD = gnu99;
				GCC_NO_COMMON_BLOCKS = YES;
				GCC_WARN_64_TO_32_BIT_CONVERSION = YES;
				GCC_WARN_ABOUT_RETURN_TYPE = YES_ERROR;
				GCC_WARN_UNDECLARED_SELECTOR = YES;
				GCC_WARN_UNINITIALIZED_AUTOS = YES_AGGRESSIVE;
				GCC_WARN_UNUSED_FUNCTION = YES;
				GCC_WARN_UNUSED_VARIABLE = YES;
				IPHONEOS_DEPLOYMENT_TARGET = 10.3;
				MTL_ENABLE_DEBUG_INFO = NO;
				SDKROOT = iphoneos;
				SWIFT_OPTIMIZATION_LEVEL = "-Owholemodule";
				TARGETED_DEVICE_FAMILY = "1,2";
				VALIDATE_PRODUCT = YES;
			};
			name = Release;
		};
		F64FD89E1EDE302E0037BBA3 /* Debug */ = {
			isa = XCBuildConfiguration;
			buildSettings = {
				ALWAYS_EMBED_SWIFT_STANDARD_LIBRARIES = YES;
				ASSETCATALOG_COMPILER_APPICON_NAME = AppIcon;
				DEVELOPMENT_TEAM = 6HY2D43HNF;
				INFOPLIST_FILE = siriAppPhotos/Info.plist;
				LD_RUNPATH_SEARCH_PATHS = "$(inherited) @executable_path/Frameworks";
				PRODUCT_BUNDLE_IDENTIFIER = com.rushi.siriAppPhotos;
				PRODUCT_NAME = "$(TARGET_NAME)";
				SWIFT_VERSION = 3.0;
			};
			name = Debug;
		};
		F64FD89F1EDE302E0037BBA3 /* Release */ = {
			isa = XCBuildConfiguration;
			buildSettings = {
				ALWAYS_EMBED_SWIFT_STANDARD_LIBRARIES = YES;
				ASSETCATALOG_COMPILER_APPICON_NAME = AppIcon;
				DEVELOPMENT_TEAM = 6HY2D43HNF;
				INFOPLIST_FILE = siriAppPhotos/Info.plist;
				LD_RUNPATH_SEARCH_PATHS = "$(inherited) @executable_path/Frameworks";
				PRODUCT_BUNDLE_IDENTIFIER = com.rushi.siriAppPhotos;
				PRODUCT_NAME = "$(TARGET_NAME)";
				SWIFT_VERSION = 3.0;
			};
			name = Release;
		};
		F64FD8C21EDE306C0037BBA3 /* Debug */ = {
			isa = XCBuildConfiguration;
			buildSettings = {
				DEVELOPMENT_TEAM = 6HY2D43HNF;
				INFOPLIST_FILE = AppIntent/Info.plist;
				LD_RUNPATH_SEARCH_PATHS = "$(inherited) @executable_path/Frameworks @executable_path/../../Frameworks";
				PRODUCT_BUNDLE_IDENTIFIER = com.rushi.siriAppPhotos.AppIntent;
				PRODUCT_NAME = "$(TARGET_NAME)";
				SKIP_INSTALL = YES;
				SWIFT_VERSION = 3.0;
			};
			name = Debug;
		};
		F64FD8C31EDE306C0037BBA3 /* Release */ = {
			isa = XCBuildConfiguration;
			buildSettings = {
				DEVELOPMENT_TEAM = 6HY2D43HNF;
				INFOPLIST_FILE = AppIntent/Info.plist;
				LD_RUNPATH_SEARCH_PATHS = "$(inherited) @executable_path/Frameworks @executable_path/../../Frameworks";
				PRODUCT_BUNDLE_IDENTIFIER = com.rushi.siriAppPhotos.AppIntent;
				PRODUCT_NAME = "$(TARGET_NAME)";
				SKIP_INSTALL = YES;
				SWIFT_VERSION = 3.0;
			};
			name = Release;
		};
/* End XCBuildConfiguration section */

/* Begin XCConfigurationList section */
		F64FD8861EDE302E0037BBA3 /* Build configuration list for PBXProject "siriAppPhotos" */ = {
			isa = XCConfigurationList;
			buildConfigurations = (
				F64FD89B1EDE302E0037BBA3 /* Debug */,
				F64FD89C1EDE302E0037BBA3 /* Release */,
			);
			defaultConfigurationIsVisible = 0;
			defaultConfigurationName = Release;
		};
		F64FD89D1EDE302E0037BBA3 /* Build configuration list for PBXNativeTarget "siriAppPhotos" */ = {
			isa = XCConfigurationList;
			buildConfigurations = (
				F64FD89E1EDE302E0037BBA3 /* Debug */,
				F64FD89F1EDE302E0037BBA3 /* Release */,
			);
			defaultConfigurationIsVisible = 0;
			defaultConfigurationName = Release;
		};
		F64FD8C11EDE306C0037BBA3 /* Build configuration list for PBXNativeTarget "AppIntent" */ = {
			isa = XCConfigurationList;
			buildConfigurations = (
				F64FD8C21EDE306C0037BBA3 /* Debug */,
				F64FD8C31EDE306C0037BBA3 /* Release */,
			);
			defaultConfigurationIsVisible = 0;
			defaultConfigurationName = Release;
		};
/* End XCConfigurationList section */
	};
	rootObject = F64FD8831EDE302E0037BBA3 /* Project object */;
}
