// !$*UTF8*$!
{
	archiveVersion = 1;
	classes = {
	};
	objectVersion = 46;
	objects = {

/* Begin PBXBuildFile section */
		F64FDA351EDF66BF0037BBA3 /* AppDelegate.swift in Sources */ = {isa = PBXBuildFile; fileRef = F64FDA341EDF66BF0037BBA3 /* AppDelegate.swift */; };
		F64FDA371EDF66BF0037BBA3 /* ViewController.swift in Sources */ = {isa = PBXBuildFile; fileRef = F64FDA361EDF66BF0037BBA3 /* ViewController.swift */; };
		F64FDA3A1EDF66BF0037BBA3 /* Main.storyboard in Resources */ = {isa = PBXBuildFile; fileRef = F64FDA381EDF66BF0037BBA3 /* Main.storyboard */; };
		F64FDA3C1EDF66BF0037BBA3 /* Assets.xcassets in Resources */ = {isa = PBXBuildFile; fileRef = F64FDA3B1EDF66BF0037BBA3 /* Assets.xcassets */; };
		F64FDA3F1EDF66BF0037BBA3 /* LaunchScreen.storyboard in Resources */ = {isa = PBXBuildFile; fileRef = F64FDA3D1EDF66BF0037BBA3 /* LaunchScreen.storyboard */; };
		F64FDA4C1EDF72330037BBA3 /* 1.png in Resources */ = {isa = PBXBuildFile; fileRef = F64FDA461EDF72330037BBA3 /* 1.png */; };
		F64FDA4D1EDF72330037BBA3 /* 2.png in Resources */ = {isa = PBXBuildFile; fileRef = F64FDA471EDF72330037BBA3 /* 2.png */; };
		F64FDA4E1EDF72330037BBA3 /* 3.png in Resources */ = {isa = PBXBuildFile; fileRef = F64FDA481EDF72330037BBA3 /* 3.png */; };
		F64FDA4F1EDF72330037BBA3 /* 4 in Resources */ = {isa = PBXBuildFile; fileRef = F64FDA491EDF72330037BBA3 /* 4 */; };
		F64FDA501EDF72330037BBA3 /* 5 in Resources */ = {isa = PBXBuildFile; fileRef = F64FDA4A1EDF72330037BBA3 /* 5 */; };
		F64FDA511EDF72330037BBA3 /* 6.png in Resources */ = {isa = PBXBuildFile; fileRef = F64FDA4B1EDF72330037BBA3 /* 6.png */; };
		F64FDA531EDF72440037BBA3 /* a.png in Resources */ = {isa = PBXBuildFile; fileRef = F64FDA521EDF72440037BBA3 /* a.png */; };
		F64FDA561EDF724C0037BBA3 /* b.png in Resources */ = {isa = PBXBuildFile; fileRef = F64FDA541EDF724C0037BBA3 /* b.png */; };
		F64FDA571EDF724C0037BBA3 /* c.png in Resources */ = {isa = PBXBuildFile; fileRef = F64FDA551EDF724C0037BBA3 /* c.png */; };
		F64FDA5B1EDF72560037BBA3 /* romani.png in Resources */ = {isa = PBXBuildFile; fileRef = F64FDA581EDF72560037BBA3 /* romani.png */; };
		F64FDA5C1EDF72560037BBA3 /* romanii.png in Resources */ = {isa = PBXBuildFile; fileRef = F64FDA591EDF72560037BBA3 /* romanii.png */; };
		F64FDA5D1EDF72560037BBA3 /* romaniii.png in Resources */ = {isa = PBXBuildFile; fileRef = F64FDA5A1EDF72560037BBA3 /* romaniii.png */; };
		F64FDA5F1EDF77750037BBA3 /* CustomCellTableViewCell.swift in Sources */ = {isa = PBXBuildFile; fileRef = F64FDA5E1EDF77750037BBA3 /* CustomCellTableViewCell.swift */; };
/* End PBXBuildFile section */

/* Begin PBXFileReference section */
		F64FDA311EDF66BF0037BBA3 /* tableViewApp.app */ = {isa = PBXFileReference; explicitFileType = wrapper.application; includeInIndex = 0; path = tableViewApp.app; sourceTree = BUILT_PRODUCTS_DIR; };
		F64FDA341EDF66BF0037BBA3 /* AppDelegate.swift */ = {isa = PBXFileReference; lastKnownFileType = sourcecode.swift; path = AppDelegate.swift; sourceTree = "<group>"; };
		F64FDA361EDF66BF0037BBA3 /* ViewController.swift */ = {isa = PBXFileReference; lastKnownFileType = sourcecode.swift; path = ViewController.swift; sourceTree = "<group>"; };
		F64FDA391EDF66BF0037BBA3 /* Base */ = {isa = PBXFileReference; lastKnownFileType = file.storyboard; name = Base; path = Base.lproj/Main.storyboard; sourceTree = "<group>"; };
		F64FDA3B1EDF66BF0037BBA3 /* Assets.xcassets */ = {isa = PBXFileReference; lastKnownFileType = folder.assetcatalog; path = Assets.xcassets; sourceTree = "<group>"; };
		F64FDA3E1EDF66BF0037BBA3 /* Base */ = {isa = PBXFileReference; lastKnownFileType = file.storyboard; name = Base; path = Base.lproj/LaunchScreen.storyboard; sourceTree = "<group>"; };
		F64FDA401EDF66BF0037BBA3 /* Info.plist */ = {isa = PBXFileReference; lastKnownFileType = text.plist.xml; path = Info.plist; sourceTree = "<group>"; };
		F64FDA461EDF72330037BBA3 /* 1.png */ = {isa = PBXFileReference; lastKnownFileType = image.png; name = 1.png; path = ../../../../Downloads/1.png; sourceTree = "<group>"; };
		F64FDA471EDF72330037BBA3 /* 2.png */ = {isa = PBXFileReference; lastKnownFileType = image.png; name = 2.png; path = ../../../../Downloads/2.png; sourceTree = "<group>"; };
		F64FDA481EDF72330037BBA3 /* 3.png */ = {isa = PBXFileReference; lastKnownFileType = image.png; name = 3.png; path = ../../../../Downloads/3.png; sourceTree = "<group>"; };
		F64FDA491EDF72330037BBA3 /* 4 */ = {isa = PBXFileReference; lastKnownFileType = file; name = 4; path = ../../../../Downloads/4; sourceTree = "<group>"; };
		F64FDA4A1EDF72330037BBA3 /* 5 */ = {isa = PBXFileReference; lastKnownFileType = file; name = 5; path = ../../../../Downloads/5; sourceTree = "<group>"; };
		F64FDA4B1EDF72330037BBA3 /* 6.png */ = {isa = PBXFileReference; lastKnownFileType = image.png; name = 6.png; path = ../../../../Downloads/6.png; sourceTree = "<group>"; };
		F64FDA521EDF72440037BBA3 /* a.png */ = {isa = PBXFileReference; lastKnownFileType = image.png; name = a.png; path = ../../../../Downloads/a.png; sourceTree = "<group>"; };
		F64FDA541EDF724C0037BBA3 /* b.png */ = {isa = PBXFileReference; lastKnownFileType = image.png; name = b.png; path = ../../../../Downloads/b.png; sourceTree = "<group>"; };
		F64FDA551EDF724C0037BBA3 /* c.png */ = {isa = PBXFileReference; lastKnownFileType = image.png; name = c.png; path = ../../../../Downloads/c.png; sourceTree = "<group>"; };
		F64FDA581EDF72560037BBA3 /* romani.png */ = {isa = PBXFileReference; lastKnownFileType = image.png; name = romani.png; path = ../../../../Downloads/romani.png; sourceTree = "<group>"; };
		F64FDA591EDF72560037BBA3 /* romanii.png */ = {isa = PBXFileReference; lastKnownFileType = image.png; name = romanii.png; path = ../../../../Downloads/romanii.png; sourceTree = "<group>"; };
		F64FDA5A1EDF72560037BBA3 /* romaniii.png */ = {isa = PBXFileReference; lastKnownFileType = image.png; name = romaniii.png; path = ../../../../Downloads/romaniii.png; sourceTree = "<group>"; };
		F64FDA5E1EDF77750037BBA3 /* CustomCellTableViewCell.swift */ = {isa = PBXFileReference; fileEncoding = 4; lastKnownFileType = sourcecode.swift; name = CustomCellTableViewCell.swift; path = ../CustomCellTableViewCell.swift; sourceTree = "<group>"; };
/* End PBXFileReference section */

/* Begin PBXFrameworksBuildPhase section */
		F64FDA2E1EDF66BF0037BBA3 /* Frameworks */ = {
			isa = PBXFrameworksBuildPhase;
			buildActionMask = 2147483647;
			files = (
			);
			runOnlyForDeploymentPostprocessing = 0;
		};
/* End PBXFrameworksBuildPhase section */

/* Begin PBXGroup section */
		F64FDA281EDF66BF0037BBA3 = {
			isa = PBXGroup;
			children = (
				F64FDA331EDF66BF0037BBA3 /* tableViewApp */,
				F64FDA321EDF66BF0037BBA3 /* Products */,
			);
			sourceTree = "<group>";
		};
		F64FDA321EDF66BF0037BBA3 /* Products */ = {
			isa = PBXGroup;
			children = (
				F64FDA311EDF66BF0037BBA3 /* tableViewApp.app */,
			);
			name = Products;
			sourceTree = "<group>";
		};
		F64FDA331EDF66BF0037BBA3 /* tableViewApp */ = {
			isa = PBXGroup;
			children = (
				F64FDA341EDF66BF0037BBA3 /* AppDelegate.swift */,
				F64FDA361EDF66BF0037BBA3 /* ViewController.swift */,
				F64FDA381EDF66BF0037BBA3 /* Main.storyboard */,
				F64FDA5E1EDF77750037BBA3 /* CustomCellTableViewCell.swift */,
				F64FDA3B1EDF66BF0037BBA3 /* Assets.xcassets */,
				F64FDA461EDF72330037BBA3 /* 1.png */,
				F64FDA471EDF72330037BBA3 /* 2.png */,
				F64FDA481EDF72330037BBA3 /* 3.png */,
				F64FDA491EDF72330037BBA3 /* 4 */,
				F64FDA4A1EDF72330037BBA3 /* 5 */,
				F64FDA521EDF72440037BBA3 /* a.png */,
				F64FDA541EDF724C0037BBA3 /* b.png */,
				F64FDA551EDF724C0037BBA3 /* c.png */,
				F64FDA581EDF72560037BBA3 /* romani.png */,
				F64FDA591EDF72560037BBA3 /* romanii.png */,
				F64FDA5A1EDF72560037BBA3 /* romaniii.png */,
				F64FDA4B1EDF72330037BBA3 /* 6.png */,
				F64FDA3D1EDF66BF0037BBA3 /* LaunchScreen.storyboard */,
				F64FDA401EDF66BF0037BBA3 /* Info.plist */,
			);
			path = tableViewApp;
			sourceTree = "<group>";
		};
/* End PBXGroup section */

/* Begin PBXNativeTarget section */
		F64FDA301EDF66BF0037BBA3 /* tableViewApp */ = {
			isa = PBXNativeTarget;
			buildConfigurationList = F64FDA431EDF66BF0037BBA3 /* Build configuration list for PBXNativeTarget "tableViewApp" */;
			buildPhases = (
				F64FDA2D1EDF66BF0037BBA3 /* Sources */,
				F64FDA2E1EDF66BF0037BBA3 /* Frameworks */,
				F64FDA2F1EDF66BF0037BBA3 /* Resources */,
			);
			buildRules = (
			);
			dependencies = (
			);
			name = tableViewApp;
			productName = tableViewApp;
			productReference = F64FDA311EDF66BF0037BBA3 /* tableViewApp.app */;
			productType = "com.apple.product-type.application";
		};
/* End PBXNativeTarget section */

/* Begin PBXProject section */
		F64FDA291EDF66BF0037BBA3 /* Project object */ = {
			isa = PBXProject;
			attributes = {
				LastSwiftUpdateCheck = 0830;
				LastUpgradeCheck = 0830;
				ORGANIZATIONNAME = rushi;
				TargetAttributes = {
					F64FDA301EDF66BF0037BBA3 = {
						CreatedOnToolsVersion = 8.3.2;
						DevelopmentTeam = 6HY2D43HNF;
						ProvisioningStyle = Automatic;
					};
				};
			};
			buildConfigurationList = F64FDA2C1EDF66BF0037BBA3 /* Build configuration list for PBXProject "tableViewApp" */;
			compatibilityVersion = "Xcode 3.2";
			developmentRegion = English;
			hasScannedForEncodings = 0;
			knownRegions = (
				en,
				Base,
			);
			mainGroup = F64FDA281EDF66BF0037BBA3;
			productRefGroup = F64FDA321EDF66BF0037BBA3 /* Products */;
			projectDirPath = "";
			projectRoot = "";
			targets = (
				F64FDA301EDF66BF0037BBA3 /* tableViewApp */,
			);
		};
/* End PBXProject section */

/* Begin PBXResourcesBuildPhase section */
		F64FDA2F1EDF66BF0037BBA3 /* Resources */ = {
			isa = PBXResourcesBuildPhase;
			buildActionMask = 2147483647;
			files = (
				F64FDA561EDF724C0037BBA3 /* b.png in Resources */,
				F64FDA3F1EDF66BF0037BBA3 /* LaunchScreen.storyboard in Resources */,
				F64FDA4C1EDF72330037BBA3 /* 1.png in Resources */,
				F64FDA571EDF724C0037BBA3 /* c.png in Resources */,
				F64FDA501EDF72330037BBA3 /* 5 in Resources */,
				F64FDA5B1EDF72560037BBA3 /* romani.png in Resources */,
				F64FDA531EDF72440037BBA3 /* a.png in Resources */,
				F64FDA511EDF72330037BBA3 /* 6.png in Resources */,
				F64FDA4D1EDF72330037BBA3 /* 2.png in Resources */,
				F64FDA5C1EDF72560037BBA3 /* romanii.png in Resources */,
				F64FDA5D1EDF72560037BBA3 /* romaniii.png in Resources */,
				F64FDA4F1EDF72330037BBA3 /* 4 in Resources */,
				F64FDA4E1EDF72330037BBA3 /* 3.png in Resources */,
				F64FDA3C1EDF66BF0037BBA3 /* Assets.xcassets in Resources */,
				F64FDA3A1EDF66BF0037BBA3 /* Main.storyboard in Resources */,
			);
			runOnlyForDeploymentPostprocessing = 0;
		};
/* End PBXResourcesBuildPhase section */

/* Begin PBXSourcesBuildPhase section */
		F64FDA2D1EDF66BF0037BBA3 /* Sources */ = {
			isa = PBXSourcesBuildPhase;
			buildActionMask = 2147483647;
			files = (
				F64FDA371EDF66BF0037BBA3 /* ViewController.swift in Sources */,
				F64FDA351EDF66BF0037BBA3 /* AppDelegate.swift in Sources */,
				F64FDA5F1EDF77750037BBA3 /* CustomCellTableViewCell.swift in Sources */,
			);
			runOnlyForDeploymentPostprocessing = 0;
		};
/* End PBXSourcesBuildPhase section */

/* Begin PBXVariantGroup section */
		F64FDA381EDF66BF0037BBA3 /* Main.storyboard */ = {
			isa = PBXVariantGroup;
			children = (
				F64FDA391EDF66BF0037BBA3 /* Base */,
			);
			name = Main.storyboard;
			sourceTree = "<group>";
		};
		F64FDA3D1EDF66BF0037BBA3 /* LaunchScreen.storyboard */ = {
			isa = PBXVariantGroup;
			children = (
				F64FDA3E1EDF66BF0037BBA3 /* Base */,
			);
			name = LaunchScreen.storyboard;
			sourceTree = "<group>";
		};
/* End PBXVariantGroup section */

/* Begin XCBuildConfiguration section */
		F64FDA411EDF66BF0037BBA3 /* Debug */ = {
			isa = XCBuildConfiguration;
			buildSettings = {
				ALWAYS_SEARCH_USER_PATHS = NO;
				CLANG_ANALYZER_NONNULL = YES;
				CLANG_ANALYZER_NUMBER_OBJECT_CONVERSION = YES_AGGRESSIVE;
				CLANG_CXX_LANGUAGE_STANDARD = "gnu++0x";
				CLANG_CXX_LIBRARY = "libc++";
				CLANG_ENABLE_MODULES = YES;
				CLANG_ENABLE_OBJC_ARC = YES;
				CLANG_WARN_BOOL_CONVERSION = YES;
				CLANG_WARN_CONSTANT_CONVERSION = YES;
				CLANG_WARN_DIRECT_OBJC_ISA_USAGE = YES_ERROR;
				CLANG_WARN_DOCUMENTATION_COMMENTS = YES;
				CLANG_WARN_EMPTY_BODY = YES;
				CLANG_WARN_ENUM_CONVERSION = YES;
				CLANG_WARN_INFINITE_RECURSION = YES;
				CLANG_WARN_INT_CONVERSION = YES;
				CLANG_WARN_OBJC_ROOT_CLASS = YES_ERROR;
				CLANG_WARN_SUSPICIOUS_MOVE = YES;
				CLANG_WARN_UNREACHABLE_CODE = YES;
				CLANG_WARN__DUPLICATE_METHOD_MATCH = YES;
				"CODE_SIGN_IDENTITY[sdk=iphoneos*]" = "iPhone Developer";
				COPY_PHASE_STRIP = NO;
				DEBUG_INFORMATION_FORMAT = dwarf;
				ENABLE_STRICT_OBJC_MSGSEND = YES;
				ENABLE_TESTABILITY = YES;
				GCC_C_LANGUAGE_STANDARD = gnu99;
				GCC_DYNAMIC_NO_PIC = NO;
				GCC_NO_COMMON_BLOCKS = YES;
				GCC_OPTIMIZATION_LEVEL = 0;
				GCC_PREPROCESSOR_DEFINITIONS = (
					"DEBUG=1",
					"$(inherited)",
				);
				GCC_WARN_64_TO_32_BIT_CONVERSION = YES;
				GCC_WARN_ABOUT_RETURN_TYPE = YES_ERROR;
				GCC_WARN_UNDECLARED_SELECTOR = YES;
				GCC_WARN_UNINITIALIZED_AUTOS = YES_AGGRESSIVE;
				GCC_WARN_UNUSED_FUNCTION = YES;
				GCC_WARN_UNUSED_VARIABLE = YES;
				IPHONEOS_DEPLOYMENT_TARGET = 10.3;
				MTL_ENABLE_DEBUG_INFO = YES;
				ONLY_ACTIVE_ARCH = YES;
				SDKROOT = iphoneos;
				SWIFT_ACTIVE_COMPILATION_CONDITIONS = DEBUG;
				SWIFT_OPTIMIZATION_LEVEL = "-Onone";
				TARGETED_DEVICE_FAMILY = "1,2";
			};
			name = Debug;
		};
		F64FDA421EDF66BF0037BBA3 /* Release */ = {
			isa = XCBuildConfiguration;
			buildSettings = {
				ALWAYS_SEARCH_USER_PATHS = NO;
				CLANG_ANALYZER_NONNULL = YES;
				CLANG_ANALYZER_NUMBER_OBJECT_CONVERSION = YES_AGGRESSIVE;
				CLANG_CXX_LANGUAGE_STANDARD = "gnu++0x";
				CLANG_CXX_LIBRARY = "libc++";
				CLANG_ENABLE_MODULES = YES;
				CLANG_ENABLE_OBJC_ARC = YES;
				CLANG_WARN_BOOL_CONVERSION = YES;
				CLANG_WARN_CONSTANT_CONVERSION = YES;
				CLANG_WARN_DIRECT_OBJC_ISA_USAGE = YES_ERROR;
				CLANG_WARN_DOCUMENTATION_COMMENTS = YES;
				CLANG_WARN_EMPTY_BODY = YES;
				CLANG_WARN_ENUM_CONVERSION = YES;
				CLANG_WARN_INFINITE_RECURSION = YES;
				CLANG_WARN_INT_CONVERSION = YES;
				CLANG_WARN_OBJC_ROOT_CLASS = YES_ERROR;
				CLANG_WARN_SUSPICIOUS_MOVE = YES;
				CLANG_WARN_UNREACHABLE_CODE = YES;
				CLANG_WARN__DUPLICATE_METHOD_MATCH = YES;
				"CODE_SIGN_IDENTITY[sdk=iphoneos*]" = "iPhone Developer";
				COPY_PHASE_STRIP = NO;
				DEBUG_INFORMATION_FORMAT = "dwarf-with-dsym";
				ENABLE_NS_ASSERTIONS = NO;
				ENABLE_STRICT_OBJC_MSGSEND = YES;
				GCC_C_LANGUAGE_STANDARD = gnu99;
				GCC_NO_COMMON_BLOCKS = YES;
				GCC_WARN_64_TO_32_BIT_CONVERSION = YES;
				GCC_WARN_ABOUT_RETURN_TYPE = YES_ERROR;
				GCC_WARN_UNDECLARED_SELECTOR = YES;
				GCC_WARN_UNINITIALIZED_AUTOS = YES_AGGRESSIVE;
				GCC_WARN_UNUSED_FUNCTION = YES;
				GCC_WARN_UNUSED_VARIABLE = YES;
				IPHONEOS_DEPLOYMENT_TARGET = 10.3;
				MTL_ENABLE_DEBUG_INFO = NO;
				SDKROOT = iphoneos;
				SWIFT_OPTIMIZATION_LEVEL = "-Owholemodule";
				TARGETED_DEVICE_FAMILY = "1,2";
				VALIDATE_PRODUCT = YES;
			};
			name = Release;
		};
		F64FDA441EDF66BF0037BBA3 /* Debug */ = {
			isa = XCBuildConfiguration;
			buildSettings = {
				ASSETCATALOG_COMPILER_APPICON_NAME = AppIcon;
				DEVELOPMENT_TEAM = 6HY2D43HNF;
				INFOPLIST_FILE = tableViewApp/Info.plist;
				LD_RUNPATH_SEARCH_PATHS = "$(inherited) @executable_path/Frameworks";
				PRODUCT_BUNDLE_IDENTIFIER = com.rushi.tableViewApp;
				PRODUCT_NAME = "$(TARGET_NAME)";
				SWIFT_VERSION = 3.0;
			};
			name = Debug;
		};
		F64FDA451EDF66BF0037BBA3 /* Release */ = {
			isa = XCBuildConfiguration;
			buildSettings = {
				ASSETCATALOG_COMPILER_APPICON_NAME = AppIcon;
				DEVELOPMENT_TEAM = 6HY2D43HNF;
				INFOPLIST_FILE = tableViewApp/Info.plist;
				LD_RUNPATH_SEARCH_PATHS = "$(inherited) @executable_path/Frameworks";
				PRODUCT_BUNDLE_IDENTIFIER = com.rushi.tableViewApp;
				PRODUCT_NAME = "$(TARGET_NAME)";
				SWIFT_VERSION = 3.0;
			};
			name = Release;
		};
/* End XCBuildConfiguration section */

/* Begin XCConfigurationList section */
		F64FDA2C1EDF66BF0037BBA3 /* Build configuration list for PBXProject "tableViewApp" */ = {
			isa = XCConfigurationList;
			buildConfigurations = (
				F64FDA411EDF66BF0037BBA3 /* Debug */,
				F64FDA421EDF66BF0037BBA3 /* Release */,
			);
			defaultConfigurationIsVisible = 0;
			defaultConfigurationName = Release;
		};
		F64FDA431EDF66BF0037BBA3 /* Build configuration list for PBXNativeTarget "tableViewApp" */ = {
			isa = XCConfigurationList;
			buildConfigurations = (
				F64FDA441EDF66BF0037BBA3 /* Debug */,
				F64FDA451EDF66BF0037BBA3 /* Release */,
			);
			defaultConfigurationIsVisible = 0;
		};
/* End XCConfigurationList section */
	};
	rootObject = F64FDA291EDF66BF0037BBA3 /* Project object */;
}
