// !$*UTF8*$!
{
	archiveVersion = 1;
	classes = {
	};
	objectVersion = 46;
	objects = {

/* Begin PBXBuildFile section */
		F64FD9E41EDF3CA80037BBA3 /* AppDelegate.swift in Sources */ = {isa = PBXBuildFile; fileRef = F64FD9E31EDF3CA80037BBA3 /* AppDelegate.swift */; };
		F64FD9E61EDF3CA80037BBA3 /* ViewController.swift in Sources */ = {isa = PBXBuildFile; fileRef = F64FD9E51EDF3CA80037BBA3 /* ViewController.swift */; };
		F64FD9E91EDF3CA80037BBA3 /* Main.storyboard in Resources */ = {isa = PBXBuildFile; fileRef = F64FD9E71EDF3CA80037BBA3 /* Main.storyboard */; };
		F64FD9EB1EDF3CA80037BBA3 /* Assets.xcassets in Resources */ = {isa = PBXBuildFile; fileRef = F64FD9EA1EDF3CA80037BBA3 /* Assets.xcassets */; };
		F64FD9EE1EDF3CA80037BBA3 /* LaunchScreen.storyboard in Resources */ = {isa = PBXBuildFile; fileRef = F64FD9EC1EDF3CA80037BBA3 /* LaunchScreen.storyboard */; };
		F64FD9FD1EDF3CD10037BBA3 /* IntentHandler.swift in Sources */ = {isa = PBXBuildFile; fileRef = F64FD9FC1EDF3CD10037BBA3 /* IntentHandler.swift */; };
		F64FDA061EDF3CD10037BBA3 /* IntentsUI.framework in Frameworks */ = {isa = PBXBuildFile; fileRef = F64FDA051EDF3CD10037BBA3 /* IntentsUI.framework */; };
		F64FDA091EDF3CD10037BBA3 /* IntentViewController.swift in Sources */ = {isa = PBXBuildFile; fileRef = F64FDA081EDF3CD10037BBA3 /* IntentViewController.swift */; };
		F64FDA0C1EDF3CD10037BBA3 /* MainInterface.storyboard in Resources */ = {isa = PBXBuildFile; fileRef = F64FDA0A1EDF3CD10037BBA3 /* MainInterface.storyboard */; };
		F64FDA101EDF3CD10037BBA3 /* AppIntentUI.appex in Embed App Extensions */ = {isa = PBXBuildFile; fileRef = F64FDA031EDF3CD10037BBA3 /* AppIntentUI.appex */; settings = {ATTRIBUTES = (RemoveHeadersOnCopy, ); }; };
		F64FDA131EDF3CD10037BBA3 /* AppIntent.appex in Embed App Extensions */ = {isa = PBXBuildFile; fileRef = F64FD9FA1EDF3CD10037BBA3 /* AppIntent.appex */; settings = {ATTRIBUTES = (RemoveHeadersOnCopy, ); }; };
		F64FDA211EDF45870037BBA3 /* IntentViewController.swift in Sources */ = {isa = PBXBuildFile; fileRef = F64FDA081EDF3CD10037BBA3 /* IntentViewController.swift */; };
		F64FDA251EDF49D90037BBA3 /* img1.png in Resources */ = {isa = PBXBuildFile; fileRef = F64FDA221EDF49D90037BBA3 /* img1.png */; };
		F64FDA261EDF49D90037BBA3 /* img2.png in Resources */ = {isa = PBXBuildFile; fileRef = F64FDA231EDF49D90037BBA3 /* img2.png */; };
		F64FDA271EDF49D90037BBA3 /* img3.png in Resources */ = {isa = PBXBuildFile; fileRef = F64FDA241EDF49D90037BBA3 /* img3.png */; };
/* End PBXBuildFile section */

/* Begin PBXContainerItemProxy section */
		F64FDA0E1EDF3CD10037BBA3 /* PBXContainerItemProxy */ = {
			isa = PBXContainerItemProxy;
			containerPortal = F64FD9D81EDF3CA80037BBA3 /* Project object */;
			proxyType = 1;
			remoteGlobalIDString = F64FDA021EDF3CD10037BBA3;
			remoteInfo = AppIntentUI;
		};
		F64FDA111EDF3CD10037BBA3 /* PBXContainerItemProxy */ = {
			isa = PBXContainerItemProxy;
			containerPortal = F64FD9D81EDF3CA80037BBA3 /* Project object */;
			proxyType = 1;
			remoteGlobalIDString = F64FD9F91EDF3CD10037BBA3;
			remoteInfo = AppIntent;
		};
/* End PBXContainerItemProxy section */

/* Begin PBXCopyFilesBuildPhase section */
		F64FDA1A1EDF3CD10037BBA3 /* Embed App Extensions */ = {
			isa = PBXCopyFilesBuildPhase;
			buildActionMask = 2147483647;
			dstPath = "";
			dstSubfolderSpec = 13;
			files = (
				F64FDA131EDF3CD10037BBA3 /* AppIntent.appex in Embed App Extensions */,
				F64FDA101EDF3CD10037BBA3 /* AppIntentUI.appex in Embed App Extensions */,
			);
			name = "Embed App Extensions";
			runOnlyForDeploymentPostprocessing = 0;
		};
/* End PBXCopyFilesBuildPhase section */

/* Begin PBXFileReference section */
		F64FD9E01EDF3CA80037BBA3 /* siriAppPayments.app */ = {isa = PBXFileReference; explicitFileType = wrapper.application; includeInIndex = 0; path = siriAppPayments.app; sourceTree = BUILT_PRODUCTS_DIR; };
		F64FD9E31EDF3CA80037BBA3 /* AppDelegate.swift */ = {isa = PBXFileReference; lastKnownFileType = sourcecode.swift; path = AppDelegate.swift; sourceTree = "<group>"; };
		F64FD9E51EDF3CA80037BBA3 /* ViewController.swift */ = {isa = PBXFileReference; lastKnownFileType = sourcecode.swift; path = ViewController.swift; sourceTree = "<group>"; };
		F64FD9E81EDF3CA80037BBA3 /* Base */ = {isa = PBXFileReference; lastKnownFileType = file.storyboard; name = Base; path = Base.lproj/Main.storyboard; sourceTree = "<group>"; };
		F64FD9EA1EDF3CA80037BBA3 /* Assets.xcassets */ = {isa = PBXFileReference; lastKnownFileType = folder.assetcatalog; path = Assets.xcassets; sourceTree = "<group>"; };
		F64FD9ED1EDF3CA80037BBA3 /* Base */ = {isa = PBXFileReference; lastKnownFileType = file.storyboard; name = Base; path = Base.lproj/LaunchScreen.storyboard; sourceTree = "<group>"; };
		F64FD9EF1EDF3CA80037BBA3 /* Info.plist */ = {isa = PBXFileReference; lastKnownFileType = text.plist.xml; path = Info.plist; sourceTree = "<group>"; };
		F64FD9F51EDF3CBD0037BBA3 /* siriAppPayments.entitlements */ = {isa = PBXFileReference; lastKnownFileType = text.plist.entitlements; path = siriAppPayments.entitlements; sourceTree = "<group>"; };
		F64FD9FA1EDF3CD10037BBA3 /* AppIntent.appex */ = {isa = PBXFileReference; explicitFileType = "wrapper.app-extension"; includeInIndex = 0; path = AppIntent.appex; sourceTree = BUILT_PRODUCTS_DIR; };
		F64FD9FC1EDF3CD10037BBA3 /* IntentHandler.swift */ = {isa = PBXFileReference; lastKnownFileType = sourcecode.swift; path = IntentHandler.swift; sourceTree = "<group>"; };
		F64FD9FE1EDF3CD10037BBA3 /* Info.plist */ = {isa = PBXFileReference; lastKnownFileType = text.plist.xml; path = Info.plist; sourceTree = "<group>"; };
		F64FDA031EDF3CD10037BBA3 /* AppIntentUI.appex */ = {isa = PBXFileReference; explicitFileType = "wrapper.app-extension"; includeInIndex = 0; path = AppIntentUI.appex; sourceTree = BUILT_PRODUCTS_DIR; };
		F64FDA051EDF3CD10037BBA3 /* IntentsUI.framework */ = {isa = PBXFileReference; lastKnownFileType = wrapper.framework; name = IntentsUI.framework; path = System/Library/Frameworks/IntentsUI.framework; sourceTree = SDKROOT; };
		F64FDA081EDF3CD10037BBA3 /* IntentViewController.swift */ = {isa = PBXFileReference; lastKnownFileType = sourcecode.swift; path = IntentViewController.swift; sourceTree = "<group>"; };
		F64FDA0B1EDF3CD10037BBA3 /* Base */ = {isa = PBXFileReference; lastKnownFileType = file.storyboard; name = Base; path = Base.lproj/MainInterface.storyboard; sourceTree = "<group>"; };
		F64FDA0D1EDF3CD10037BBA3 /* Info.plist */ = {isa = PBXFileReference; lastKnownFileType = text.plist.xml; path = Info.plist; sourceTree = "<group>"; };
		F64FDA221EDF49D90037BBA3 /* img1.png */ = {isa = PBXFileReference; lastKnownFileType = image.png; name = img1.png; path = ../../../../Downloads/img1.png; sourceTree = "<group>"; };
		F64FDA231EDF49D90037BBA3 /* img2.png */ = {isa = PBXFileReference; lastKnownFileType = image.png; name = img2.png; path = ../../../../Downloads/img2.png; sourceTree = "<group>"; };
		F64FDA241EDF49D90037BBA3 /* img3.png */ = {isa = PBXFileReference; lastKnownFileType = image.png; name = img3.png; path = ../../../../Downloads/img3.png; sourceTree = "<group>"; };
/* End PBXFileReference section */

/* Begin PBXFrameworksBuildPhase section */
		F64FD9DD1EDF3CA80037BBA3 /* Frameworks */ = {
			isa = PBXFrameworksBuildPhase;
			buildActionMask = 2147483647;
			files = (
			);
			runOnlyForDeploymentPostprocessing = 0;
		};
		F64FD9F71EDF3CD10037BBA3 /* Frameworks */ = {
			isa = PBXFrameworksBuildPhase;
			buildActionMask = 2147483647;
			files = (
			);
			runOnlyForDeploymentPostprocessing = 0;
		};
		F64FDA001EDF3CD10037BBA3 /* Frameworks */ = {
			isa = PBXFrameworksBuildPhase;
			buildActionMask = 2147483647;
			files = (
				F64FDA061EDF3CD10037BBA3 /* IntentsUI.framework in Frameworks */,
			);
			runOnlyForDeploymentPostprocessing = 0;
		};
/* End PBXFrameworksBuildPhase section */

/* Begin PBXGroup section */
		F64FD9D71EDF3CA80037BBA3 = {
			isa = PBXGroup;
			children = (
				F64FD9E21EDF3CA80037BBA3 /* siriAppPayments */,
				F64FD9FB1EDF3CD10037BBA3 /* AppIntent */,
				F64FDA071EDF3CD10037BBA3 /* AppIntentUI */,
				F64FDA041EDF3CD10037BBA3 /* Frameworks */,
				F64FD9E11EDF3CA80037BBA3 /* Products */,
			);
			sourceTree = "<group>";
		};
		F64FD9E11EDF3CA80037BBA3 /* Products */ = {
			isa = PBXGroup;
			children = (
				F64FD9E01EDF3CA80037BBA3 /* siriAppPayments.app */,
				F64FD9FA1EDF3CD10037BBA3 /* AppIntent.appex */,
				F64FDA031EDF3CD10037BBA3 /* AppIntentUI.appex */,
			);
			name = Products;
			sourceTree = "<group>";
		};
		F64FD9E21EDF3CA80037BBA3 /* siriAppPayments */ = {
			isa = PBXGroup;
			children = (
				F64FD9F51EDF3CBD0037BBA3 /* siriAppPayments.entitlements */,
				F64FD9E31EDF3CA80037BBA3 /* AppDelegate.swift */,
				F64FD9E51EDF3CA80037BBA3 /* ViewController.swift */,
				F64FD9E71EDF3CA80037BBA3 /* Main.storyboard */,
				F64FD9EA1EDF3CA80037BBA3 /* Assets.xcassets */,
				F64FD9EC1EDF3CA80037BBA3 /* LaunchScreen.storyboard */,
				F64FD9EF1EDF3CA80037BBA3 /* Info.plist */,
			);
			path = siriAppPayments;
			sourceTree = "<group>";
		};
		F64FD9FB1EDF3CD10037BBA3 /* AppIntent */ = {
			isa = PBXGroup;
			children = (
				F64FD9FC1EDF3CD10037BBA3 /* IntentHandler.swift */,
				F64FD9FE1EDF3CD10037BBA3 /* Info.plist */,
			);
			path = AppIntent;
			sourceTree = "<group>";
		};
		F64FDA041EDF3CD10037BBA3 /* Frameworks */ = {
			isa = PBXGroup;
			children = (
				F64FDA051EDF3CD10037BBA3 /* IntentsUI.framework */,
			);
			name = Frameworks;
			sourceTree = "<group>";
		};
		F64FDA071EDF3CD10037BBA3 /* AppIntentUI */ = {
			isa = PBXGroup;
			children = (
				F64FDA081EDF3CD10037BBA3 /* IntentViewController.swift */,
				F64FDA0A1EDF3CD10037BBA3 /* MainInterface.storyboard */,
				F64FDA221EDF49D90037BBA3 /* img1.png */,
				F64FDA231EDF49D90037BBA3 /* img2.png */,
				F64FDA241EDF49D90037BBA3 /* img3.png */,
				F64FDA0D1EDF3CD10037BBA3 /* Info.plist */,
			);
			path = AppIntentUI;
			sourceTree = "<group>";
		};
/* End PBXGroup section */

/* Begin PBXNativeTarget section */
		F64FD9DF1EDF3CA80037BBA3 /* siriAppPayments */ = {
			isa = PBXNativeTarget;
			buildConfigurationList = F64FD9F21EDF3CA80037BBA3 /* Build configuration list for PBXNativeTarget "siriAppPayments" */;
			buildPhases = (
				F64FD9DC1EDF3CA80037BBA3 /* Sources */,
				F64FD9DD1EDF3CA80037BBA3 /* Frameworks */,
				F64FD9DE1EDF3CA80037BBA3 /* Resources */,
				F64FDA1A1EDF3CD10037BBA3 /* Embed App Extensions */,
			);
			buildRules = (
			);
			dependencies = (
				F64FDA0F1EDF3CD10037BBA3 /* PBXTargetDependency */,
				F64FDA121EDF3CD10037BBA3 /* PBXTargetDependency */,
			);
			name = siriAppPayments;
			productName = siriAppPayments;
			productReference = F64FD9E01EDF3CA80037BBA3 /* siriAppPayments.app */;
			productType = "com.apple.product-type.application";
		};
		F64FD9F91EDF3CD10037BBA3 /* AppIntent */ = {
			isa = PBXNativeTarget;
			buildConfigurationList = F64FDA171EDF3CD10037BBA3 /* Build configuration list for PBXNativeTarget "AppIntent" */;
			buildPhases = (
				F64FD9F61EDF3CD10037BBA3 /* Sources */,
				F64FD9F71EDF3CD10037BBA3 /* Frameworks */,
				F64FD9F81EDF3CD10037BBA3 /* Resources */,
			);
			buildRules = (
			);
			dependencies = (
			);
			name = AppIntent;
			productName = AppIntent;
			productReference = F64FD9FA1EDF3CD10037BBA3 /* AppIntent.appex */;
			productType = "com.apple.product-type.app-extension";
		};
		F64FDA021EDF3CD10037BBA3 /* AppIntentUI */ = {
			isa = PBXNativeTarget;
			buildConfigurationList = F64FDA141EDF3CD10037BBA3 /* Build configuration list for PBXNativeTarget "AppIntentUI" */;
			buildPhases = (
				F64FD9FF1EDF3CD10037BBA3 /* Sources */,
				F64FDA001EDF3CD10037BBA3 /* Frameworks */,
				F64FDA011EDF3CD10037BBA3 /* Resources */,
			);
			buildRules = (
			);
			dependencies = (
			);
			name = AppIntentUI;
			productName = AppIntentUI;
			productReference = F64FDA031EDF3CD10037BBA3 /* AppIntentUI.appex */;
			productType = "com.apple.product-type.app-extension";
		};
/* End PBXNativeTarget section */

/* Begin PBXProject section */
		F64FD9D81EDF3CA80037BBA3 /* Project object */ = {
			isa = PBXProject;
			attributes = {
				LastSwiftUpdateCheck = 0830;
				LastUpgradeCheck = 0830;
				ORGANIZATIONNAME = rushi;
				TargetAttributes = {
					F64FD9DF1EDF3CA80037BBA3 = {
						CreatedOnToolsVersion = 8.3.2;
						DevelopmentTeam = 6HY2D43HNF;
						ProvisioningStyle = Automatic;
						SystemCapabilities = {
							com.apple.Siri = {
								enabled = 1;
							};
						};
					};
					F64FD9F91EDF3CD10037BBA3 = {
						CreatedOnToolsVersion = 8.3.2;
						DevelopmentTeam = 6HY2D43HNF;
						ProvisioningStyle = Automatic;
					};
					F64FDA021EDF3CD10037BBA3 = {
						CreatedOnToolsVersion = 8.3.2;
						DevelopmentTeam = 6HY2D43HNF;
						ProvisioningStyle = Automatic;
					};
				};
			};
			buildConfigurationList = F64FD9DB1EDF3CA80037BBA3 /* Build configuration list for PBXProject "siriAppPayments" */;
			compatibilityVersion = "Xcode 3.2";
			developmentRegion = English;
			hasScannedForEncodings = 0;
			knownRegions = (
				en,
				Base,
			);
			mainGroup = F64FD9D71EDF3CA80037BBA3;
			productRefGroup = F64FD9E11EDF3CA80037BBA3 /* Products */;
			projectDirPath = "";
			projectRoot = "";
			targets = (
				F64FD9DF1EDF3CA80037BBA3 /* siriAppPayments */,
				F64FD9F91EDF3CD10037BBA3 /* AppIntent */,
				F64FDA021EDF3CD10037BBA3 /* AppIntentUI */,
			);
		};
/* End PBXProject section */

/* Begin PBXResourcesBuildPhase section */
		F64FD9DE1EDF3CA80037BBA3 /* Resources */ = {
			isa = PBXResourcesBuildPhase;
			buildActionMask = 2147483647;
			files = (
				F64FD9EE1EDF3CA80037BBA3 /* LaunchScreen.storyboard in Resources */,
				F64FD9EB1EDF3CA80037BBA3 /* Assets.xcassets in Resources */,
				F64FD9E91EDF3CA80037BBA3 /* Main.storyboard in Resources */,
			);
			runOnlyForDeploymentPostprocessing = 0;
		};
		F64FD9F81EDF3CD10037BBA3 /* Resources */ = {
			isa = PBXResourcesBuildPhase;
			buildActionMask = 2147483647;
			files = (
			);
			runOnlyForDeploymentPostprocessing = 0;
		};
		F64FDA011EDF3CD10037BBA3 /* Resources */ = {
			isa = PBXResourcesBuildPhase;
			buildActionMask = 2147483647;
			files = (
				F64FDA0C1EDF3CD10037BBA3 /* MainInterface.storyboard in Resources */,
				F64FDA251EDF49D90037BBA3 /* img1.png in Resources */,
				F64FDA261EDF49D90037BBA3 /* img2.png in Resources */,
				F64FDA271EDF49D90037BBA3 /* img3.png in Resources */,
			);
			runOnlyForDeploymentPostprocessing = 0;
		};
/* End PBXResourcesBuildPhase section */

/* Begin PBXSourcesBuildPhase section */
		F64FD9DC1EDF3CA80037BBA3 /* Sources */ = {
			isa = PBXSourcesBuildPhase;
			buildActionMask = 2147483647;
			files = (
				F64FD9E61EDF3CA80037BBA3 /* ViewController.swift in Sources */,
				F64FD9E41EDF3CA80037BBA3 /* AppDelegate.swift in Sources */,
			);
			runOnlyForDeploymentPostprocessing = 0;
		};
		F64FD9F61EDF3CD10037BBA3 /* Sources */ = {
			isa = PBXSourcesBuildPhase;
			buildActionMask = 2147483647;
			files = (
				F64FDA211EDF45870037BBA3 /* IntentViewController.swift in Sources */,
				F64FD9FD1EDF3CD10037BBA3 /* IntentHandler.swift in Sources */,
			);
			runOnlyForDeploymentPostprocessing = 0;
		};
		F64FD9FF1EDF3CD10037BBA3 /* Sources */ = {
			isa = PBXSourcesBuildPhase;
			buildActionMask = 2147483647;
			files = (
				F64FDA091EDF3CD10037BBA3 /* IntentViewController.swift in Sources */,
			);
			runOnlyForDeploymentPostprocessing = 0;
		};
/* End PBXSourcesBuildPhase section */

/* Begin PBXTargetDependency section */
		F64FDA0F1EDF3CD10037BBA3 /* PBXTargetDependency */ = {
			isa = PBXTargetDependency;
			target = F64FDA021EDF3CD10037BBA3 /* AppIntentUI */;
			targetProxy = F64FDA0E1EDF3CD10037BBA3 /* PBXContainerItemProxy */;
		};
		F64FDA121EDF3CD10037BBA3 /* PBXTargetDependency */ = {
			isa = PBXTargetDependency;
			target = F64FD9F91EDF3CD10037BBA3 /* AppIntent */;
			targetProxy = F64FDA111EDF3CD10037BBA3 /* PBXContainerItemProxy */;
		};
/* End PBXTargetDependency section */

/* Begin PBXVariantGroup section */
		F64FD9E71EDF3CA80037BBA3 /* Main.storyboard */ = {
			isa = PBXVariantGroup;
			children = (
				F64FD9E81EDF3CA80037BBA3 /* Base */,
			);
			name = Main.storyboard;
			sourceTree = "<group>";
		};
		F64FD9EC1EDF3CA80037BBA3 /* LaunchScreen.storyboard */ = {
			isa = PBXVariantGroup;
			children = (
				F64FD9ED1EDF3CA80037BBA3 /* Base */,
			);
			name = LaunchScreen.storyboard;
			sourceTree = "<group>";
		};
		F64FDA0A1EDF3CD10037BBA3 /* MainInterface.storyboard */ = {
			isa = PBXVariantGroup;
			children = (
				F64FDA0B1EDF3CD10037BBA3 /* Base */,
			);
			name = MainInterface.storyboard;
			sourceTree = "<group>";
		};
/* End PBXVariantGroup section */

/* Begin XCBuildConfiguration section */
		F64FD9F01EDF3CA80037BBA3 /* Debug */ = {
			isa = XCBuildConfiguration;
			buildSettings = {
				ALWAYS_SEARCH_USER_PATHS = NO;
				CLANG_ANALYZER_NONNULL = YES;
				CLANG_ANALYZER_NUMBER_OBJECT_CONVERSION = YES_AGGRESSIVE;
				CLANG_CXX_LANGUAGE_STANDARD = "gnu++0x";
				CLANG_CXX_LIBRARY = "libc++";
				CLANG_ENABLE_MODULES = YES;
				CLANG_ENABLE_OBJC_ARC = YES;
				CLANG_WARN_BOOL_CONVERSION = YES;
				CLANG_WARN_CONSTANT_CONVERSION = YES;
				CLANG_WARN_DIRECT_OBJC_ISA_USAGE = YES_ERROR;
				CLANG_WARN_DOCUMENTATION_COMMENTS = YES;
				CLANG_WARN_EMPTY_BODY = YES;
				CLANG_WARN_ENUM_CONVERSION = YES;
				CLANG_WARN_INFINITE_RECURSION = YES;
				CLANG_WARN_INT_CONVERSION = YES;
				CLANG_WARN_OBJC_ROOT_CLASS = YES_ERROR;
				CLANG_WARN_SUSPICIOUS_MOVE = YES;
				CLANG_WARN_UNREACHABLE_CODE = YES;
				CLANG_WARN__DUPLICATE_METHOD_MATCH = YES;
				"CODE_SIGN_IDENTITY[sdk=iphoneos*]" = "iPhone Developer";
				COPY_PHASE_STRIP = NO;
				DEBUG_INFORMATION_FORMAT = dwarf;
				ENABLE_STRICT_OBJC_MSGSEND = YES;
				ENABLE_TESTABILITY = YES;
				GCC_C_LANGUAGE_STANDARD = gnu99;
				GCC_DYNAMIC_NO_PIC = NO;
				GCC_NO_COMMON_BLOCKS = YES;
				GCC_OPTIMIZATION_LEVEL = 0;
				GCC_PREPROCESSOR_DEFINITIONS = (
					"DEBUG=1",
					"$(inherited)",
				);
				GCC_WARN_64_TO_32_BIT_CONVERSION = YES;
				GCC_WARN_ABOUT_RETURN_TYPE = YES_ERROR;
				GCC_WARN_UNDECLARED_SELECTOR = YES;
				GCC_WARN_UNINITIALIZED_AUTOS = YES_AGGRESSIVE;
				GCC_WARN_UNUSED_FUNCTION = YES;
				GCC_WARN_UNUSED_VARIABLE = YES;
				IPHONEOS_DEPLOYMENT_TARGET = 10.3;
				MTL_ENABLE_DEBUG_INFO = YES;
				ONLY_ACTIVE_ARCH = YES;
				SDKROOT = iphoneos;
				SWIFT_ACTIVE_COMPILATION_CONDITIONS = DEBUG;
				SWIFT_OPTIMIZATION_LEVEL = "-Onone";
				TARGETED_DEVICE_FAMILY = "1,2";
			};
			name = Debug;
		};
		F64FD9F11EDF3CA80037BBA3 /* Release */ = {
			isa = XCBuildConfiguration;
			buildSettings = {
				ALWAYS_SEARCH_USER_PATHS = NO;
				CLANG_ANALYZER_NONNULL = YES;
				CLANG_ANALYZER_NUMBER_OBJECT_CONVERSION = YES_AGGRESSIVE;
				CLANG_CXX_LANGUAGE_STANDARD = "gnu++0x";
				CLANG_CXX_LIBRARY = "libc++";
				CLANG_ENABLE_MODULES = YES;
				CLANG_ENABLE_OBJC_ARC = YES;
				CLANG_WARN_BOOL_CONVERSION = YES;
				CLANG_WARN_CONSTANT_CONVERSION = YES;
				CLANG_WARN_DIRECT_OBJC_ISA_USAGE = YES_ERROR;
				CLANG_WARN_DOCUMENTATION_COMMENTS = YES;
				CLANG_WARN_EMPTY_BODY = YES;
				CLANG_WARN_ENUM_CONVERSION = YES;
				CLANG_WARN_INFINITE_RECURSION = YES;
				CLANG_WARN_INT_CONVERSION = YES;
				CLANG_WARN_OBJC_ROOT_CLASS = YES_ERROR;
				CLANG_WARN_SUSPICIOUS_MOVE = YES;
				CLANG_WARN_UNREACHABLE_CODE = YES;
				CLANG_WARN__DUPLICATE_METHOD_MATCH = YES;
				"CODE_SIGN_IDENTITY[sdk=iphoneos*]" = "iPhone Developer";
				COPY_PHASE_STRIP = NO;
				DEBUG_INFORMATION_FORMAT = "dwarf-with-dsym";
				ENABLE_NS_ASSERTIONS = NO;
				ENABLE_STRICT_OBJC_MSGSEND = YES;
				GCC_C_LANGUAGE_STANDARD = gnu99;
				GCC_NO_COMMON_BLOCKS = YES;
				GCC_WARN_64_TO_32_BIT_CONVERSION = YES;
				GCC_WARN_ABOUT_RETURN_TYPE = YES_ERROR;
				GCC_WARN_UNDECLARED_SELECTOR = YES;
				GCC_WARN_UNINITIALIZED_AUTOS = YES_AGGRESSIVE;
				GCC_WARN_UNUSED_FUNCTION = YES;
				GCC_WARN_UNUSED_VARIABLE = YES;
				IPHONEOS_DEPLOYMENT_TARGET = 10.3;
				MTL_ENABLE_DEBUG_INFO = NO;
				SDKROOT = iphoneos;
				SWIFT_OPTIMIZATION_LEVEL = "-Owholemodule";
				TARGETED_DEVICE_FAMILY = "1,2";
				VALIDATE_PRODUCT = YES;
			};
			name = Release;
		};
		F64FD9F31EDF3CA80037BBA3 /* Debug */ = {
			isa = XCBuildConfiguration;
			buildSettings = {
				ALWAYS_EMBED_SWIFT_STANDARD_LIBRARIES = YES;
				ASSETCATALOG_COMPILER_APPICON_NAME = AppIcon;
				CODE_SIGN_ENTITLEMENTS = siriAppPayments/siriAppPayments.entitlements;
				DEVELOPMENT_TEAM = 6HY2D43HNF;
				INFOPLIST_FILE = siriAppPayments/Info.plist;
				LD_RUNPATH_SEARCH_PATHS = "$(inherited) @executable_path/Frameworks";
				PRODUCT_BUNDLE_IDENTIFIER = com.rushi.siriAppPayments;
				PRODUCT_NAME = "$(TARGET_NAME)";
				SWIFT_VERSION = 3.0;
			};
			name = Debug;
		};
		F64FD9F41EDF3CA80037BBA3 /* Release */ = {
			isa = XCBuildConfiguration;
			buildSettings = {
				ALWAYS_EMBED_SWIFT_STANDARD_LIBRARIES = YES;
				ASSETCATALOG_COMPILER_APPICON_NAME = AppIcon;
				CODE_SIGN_ENTITLEMENTS = siriAppPayments/siriAppPayments.entitlements;
				DEVELOPMENT_TEAM = 6HY2D43HNF;
				INFOPLIST_FILE = siriAppPayments/Info.plist;
				LD_RUNPATH_SEARCH_PATHS = "$(inherited) @executable_path/Frameworks";
				PRODUCT_BUNDLE_IDENTIFIER = com.rushi.siriAppPayments;
				PRODUCT_NAME = "$(TARGET_NAME)";
				SWIFT_VERSION = 3.0;
			};
			name = Release;
		};
		F64FDA151EDF3CD10037BBA3 /* Debug */ = {
			isa = XCBuildConfiguration;
			buildSettings = {
				DEVELOPMENT_TEAM = 6HY2D43HNF;
				INFOPLIST_FILE = AppIntentUI/Info.plist;
				LD_RUNPATH_SEARCH_PATHS = "$(inherited) @executable_path/Frameworks @executable_path/../../Frameworks";
				PRODUCT_BUNDLE_IDENTIFIER = com.rushi.siriAppPayments.AppIntentUI;
				PRODUCT_NAME = "$(TARGET_NAME)";
				SKIP_INSTALL = YES;
				SWIFT_VERSION = 3.0;
			};
			name = Debug;
		};
		F64FDA161EDF3CD10037BBA3 /* Release */ = {
			isa = XCBuildConfiguration;
			buildSettings = {
				DEVELOPMENT_TEAM = 6HY2D43HNF;
				INFOPLIST_FILE = AppIntentUI/Info.plist;
				LD_RUNPATH_SEARCH_PATHS = "$(inherited) @executable_path/Frameworks @executable_path/../../Frameworks";
				PRODUCT_BUNDLE_IDENTIFIER = com.rushi.siriAppPayments.AppIntentUI;
				PRODUCT_NAME = "$(TARGET_NAME)";
				SKIP_INSTALL = YES;
				SWIFT_VERSION = 3.0;
			};
			name = Release;
		};
		F64FDA181EDF3CD10037BBA3 /* Debug */ = {
			isa = XCBuildConfiguration;
			buildSettings = {
				DEVELOPMENT_TEAM = 6HY2D43HNF;
				INFOPLIST_FILE = AppIntent/Info.plist;
				LD_RUNPATH_SEARCH_PATHS = "$(inherited) @executable_path/Frameworks @executable_path/../../Frameworks";
				PRODUCT_BUNDLE_IDENTIFIER = com.rushi.siriAppPayments.AppIntent;
				PRODUCT_NAME = "$(TARGET_NAME)";
				SKIP_INSTALL = YES;
				SWIFT_VERSION = 3.0;
			};
			name = Debug;
		};
		F64FDA191EDF3CD10037BBA3 /* Release */ = {
			isa = XCBuildConfiguration;
			buildSettings = {
				DEVELOPMENT_TEAM = 6HY2D43HNF;
				INFOPLIST_FILE = AppIntent/Info.plist;
				LD_RUNPATH_SEARCH_PATHS = "$(inherited) @executable_path/Frameworks @executable_path/../../Frameworks";
				PRODUCT_BUNDLE_IDENTIFIER = com.rushi.siriAppPayments.AppIntent;
				PRODUCT_NAME = "$(TARGET_NAME)";
				SKIP_INSTALL = YES;
				SWIFT_VERSION = 3.0;
			};
			name = Release;
		};
/* End XCBuildConfiguration section */

/* Begin XCConfigurationList section */
		F64FD9DB1EDF3CA80037BBA3 /* Build configuration list for PBXProject "siriAppPayments" */ = {
			isa = XCConfigurationList;
			buildConfigurations = (
				F64FD9F01EDF3CA80037BBA3 /* Debug */,
				F64FD9F11EDF3CA80037BBA3 /* Release */,
			);
			defaultConfigurationIsVisible = 0;
			defaultConfigurationName = Release;
		};
		F64FD9F21EDF3CA80037BBA3 /* Build configuration list for PBXNativeTarget "siriAppPayments" */ = {
			isa = XCConfigurationList;
			buildConfigurations = (
				F64FD9F31EDF3CA80037BBA3 /* Debug */,
				F64FD9F41EDF3CA80037BBA3 /* Release */,
			);
			defaultConfigurationIsVisible = 0;
		};
		F64FDA141EDF3CD10037BBA3 /* Build configuration list for PBXNativeTarget "AppIntentUI" */ = {
			isa = XCConfigurationList;
			buildConfigurations = (
				F64FDA151EDF3CD10037BBA3 /* Debug */,
				F64FDA161EDF3CD10037BBA3 /* Release */,
			);
			defaultConfigurationIsVisible = 0;
		};
		F64FDA171EDF3CD10037BBA3 /* Build configuration list for PBXNativeTarget "AppIntent" */ = {
			isa = XCConfigurationList;
			buildConfigurations = (
				F64FDA181EDF3CD10037BBA3 /* Debug */,
				F64FDA191EDF3CD10037BBA3 /* Release */,
			);
			defaultConfigurationIsVisible = 0;
		};
/* End XCConfigurationList section */
	};
	rootObject = F64FD9D81EDF3CA80037BBA3 /* Project object */;
}
